// !$*UTF8*$!
{
	archiveVersion = 1;
	classes = {
	};
	objectVersion = 46;
	objects = {

/* Begin PBXBuildFile section */
		672796301EE2F06E00BAD65C /* NearbyCell.m in Sources */ = {isa = PBXBuildFile; fileRef = 6727962E1EE2F06E00BAD65C /* NearbyCell.m */; };
		672796351EE2F12200BAD65C /* All_collectView.m in Sources */ = {isa = PBXBuildFile; fileRef = 672796311EE2F12200BAD65C /* All_collectView.m */; };
		672796361EE2F12200BAD65C /* All_orderView.m in Sources */ = {isa = PBXBuildFile; fileRef = 672796321EE2F12200BAD65C /* All_orderView.m */; };
		672796391EE2F12F00BAD65C /* OrderCell.m in Sources */ = {isa = PBXBuildFile; fileRef = 672796371EE2F12F00BAD65C /* OrderCell.m */; };
		6727963D1EE2F21C00BAD65C /* bundle.js in Resources */ = {isa = PBXBuildFile; fileRef = 6727963B1EE2F21C00BAD65C /* bundle.js */; };
		6727963E1EE2F21C00BAD65C /* index.html in Resources */ = {isa = PBXBuildFile; fileRef = 6727963C1EE2F21C00BAD65C /* index.html */; };
		672796411EE2F2BD00BAD65C /* ShopController.m in Sources */ = {isa = PBXBuildFile; fileRef = 672796401EE2F2BD00BAD65C /* ShopController.m */; };
		673861381ECE954B001D068F /* main.m in Sources */ = {isa = PBXBuildFile; fileRef = 673861371ECE954B001D068F /* main.m */; };
		673861511ECE954C001D068F /* NativeMealTests.m in Sources */ = {isa = PBXBuildFile; fileRef = 673861501ECE954C001D068F /* NativeMealTests.m */; };
		6738615C1ECE954C001D068F /* NativeMealUITests.m in Sources */ = {isa = PBXBuildFile; fileRef = 6738615B1ECE954C001D068F /* NativeMealUITests.m */; };
		6738617C1ECE962D001D068F /* AppDelegate.m in Sources */ = {isa = PBXBuildFile; fileRef = 6738617B1ECE962D001D068F /* AppDelegate.m */; };
		6738617F1ECE9771001D068F /* IndexController.m in Sources */ = {isa = PBXBuildFile; fileRef = 6738617E1ECE9771001D068F /* IndexController.m */; };
		673861811ECEA6AF001D068F /* Launch Screen.storyboard in Resources */ = {isa = PBXBuildFile; fileRef = 673861801ECEA6AF001D068F /* Launch Screen.storyboard */; };
		673861841ECEA7C9001D068F /* NearController.m in Sources */ = {isa = PBXBuildFile; fileRef = 673861831ECEA7C9001D068F /* NearController.m */; };
		673861861ECEA9CB001D068F /* Assets.xcassets in Resources */ = {isa = PBXBuildFile; fileRef = 673861851ECEA9CB001D068F /* Assets.xcassets */; };
		6738618C1ECED8AF001D068F /* MeController.m in Sources */ = {isa = PBXBuildFile; fileRef = 6738618B1ECED8AF001D068F /* MeController.m */; };
		6738618F1ECED930001D068F /* OrderController.m in Sources */ = {isa = PBXBuildFile; fileRef = 6738618E1ECED930001D068F /* OrderController.m */; };
		673861921ECEF09E001D068F /* SettingController.m in Sources */ = {isa = PBXBuildFile; fileRef = 673861911ECEF09E001D068F /* SettingController.m */; };
		673861951ECF126C001D068F /* AccountController.m in Sources */ = {isa = PBXBuildFile; fileRef = 673861941ECF126C001D068F /* AccountController.m */; };
		673861991ECF22E4001D068F /* AboutViewController.m in Sources */ = {isa = PBXBuildFile; fileRef = 673861981ECF22E4001D068F /* AboutViewController.m */; };
		6738619D1ECF24A0001D068F /* UILabel+Automatic.m in Sources */ = {isa = PBXBuildFile; fileRef = 6738619C1ECF24A0001D068F /* UILabel+Automatic.m */; };
		673861A01ECF24C9001D068F /* Screen.m in Sources */ = {isa = PBXBuildFile; fileRef = 6738619F1ECF24C9001D068F /* Screen.m */; };
		673861A81ECFEF19001D068F /* MBProgressHUD.m in Sources */ = {isa = PBXBuildFile; fileRef = 673861A31ECFEF19001D068F /* MBProgressHUD.m */; };
		673861A91ECFEF19001D068F /* MBProgressHUD+Add.m in Sources */ = {isa = PBXBuildFile; fileRef = 673861A51ECFEF19001D068F /* MBProgressHUD+Add.m */; };
		673861AA1ECFEF19001D068F /* UIViewController+HUD.m in Sources */ = {isa = PBXBuildFile; fileRef = 673861A71ECFEF19001D068F /* UIViewController+HUD.m */; };
		673861AD1ECFF420001D068F /* TermsServiceViewController.m in Sources */ = {isa = PBXBuildFile; fileRef = 673861AC1ECFF420001D068F /* TermsServiceViewController.m */; };
		673861B01ECFF615001D068F /* FeedBackViewController.m in Sources */ = {isa = PBXBuildFile; fileRef = 673861AF1ECFF615001D068F /* FeedBackViewController.m */; };
		673861B31ED02EE1001D068F /* LoginCell.m in Sources */ = {isa = PBXBuildFile; fileRef = 673861B21ED02EE1001D068F /* LoginCell.m */; };
		673861B71ED0704B001D068F /* UIView+Expansion.m in Sources */ = {isa = PBXBuildFile; fileRef = 673861B61ED0704B001D068F /* UIView+Expansion.m */; };
		673861BE1ED18136001D068F /* LoginViewController.m in Sources */ = {isa = PBXBuildFile; fileRef = 673861BD1ED18136001D068F /* LoginViewController.m */; };
		675CDC251ED5800100C35DB6 /* RegisterViewController.m in Sources */ = {isa = PBXBuildFile; fileRef = 675CDC241ED5800100C35DB6 /* RegisterViewController.m */; };
		675CDC2C1ED5A55D00C35DB6 /* ResetPasswordViewController.m in Sources */ = {isa = PBXBuildFile; fileRef = 675CDC2B1ED5A55D00C35DB6 /* ResetPasswordViewController.m */; };
		675CDC321ED5C45500C35DB6 /* UserDetailViewController.m in Sources */ = {isa = PBXBuildFile; fileRef = 675CDC311ED5C45500C35DB6 /* UserDetailViewController.m */; };
		675CDC351ED5C4B600C35DB6 /* User.m in Sources */ = {isa = PBXBuildFile; fileRef = 675CDC341ED5C4B600C35DB6 /* User.m */; };
		675CDC381ED5C67A00C35DB6 /* EditUserDetailViewController.m in Sources */ = {isa = PBXBuildFile; fileRef = 675CDC371ED5C67A00C35DB6 /* EditUserDetailViewController.m */; };
		675CDC3B1ED5C6E400C35DB6 /* PictureTableViewCell.m in Sources */ = {isa = PBXBuildFile; fileRef = 675CDC3A1ED5C6E400C35DB6 /* PictureTableViewCell.m */; };
		675CDC3E1ED5C75800C35DB6 /* UserMessageTableViewCell.m in Sources */ = {isa = PBXBuildFile; fileRef = 675CDC3D1ED5C75800C35DB6 /* UserMessageTableViewCell.m */; };
		675CDC411ED67F1100C35DB6 /* EditTableViewCell.m in Sources */ = {isa = PBXBuildFile; fileRef = 675CDC401ED67F1100C35DB6 /* EditTableViewCell.m */; };
		6B36E4E71ED6CD14002B2530 /* NavView.m in Sources */ = {isa = PBXBuildFile; fileRef = 6B36E4E61ED6CD14002B2530 /* NavView.m */; };
		6B36E4F01ED6CEEC002B2530 /* UITableView+SDAutoTableViewCellHeight.m in Sources */ = {isa = PBXBuildFile; fileRef = 6B36E4ED1ED6CEEC002B2530 /* UITableView+SDAutoTableViewCellHeight.m */; };
		6B36E4F11ED6CEEC002B2530 /* UIView+SDAutoLayout.m in Sources */ = {isa = PBXBuildFile; fileRef = 6B36E4EF1ED6CEEC002B2530 /* UIView+SDAutoLayout.m */; };
		6B36E4F51ED6D81B002B2530 /* AdScrollView.m in Sources */ = {isa = PBXBuildFile; fileRef = 6B36E4F41ED6D81B002B2530 /* AdScrollView.m */; };
		6B36E4F91ED6D846002B2530 /* ADTableViewCell.m in Sources */ = {isa = PBXBuildFile; fileRef = 6B36E4F81ED6D846002B2530 /* ADTableViewCell.m */; };
		6B36E4FC1ED6D982002B2530 /* CatagoryTableViewCell.m in Sources */ = {isa = PBXBuildFile; fileRef = 6B36E4FB1ED6D982002B2530 /* CatagoryTableViewCell.m */; };
		6B36E5011ED6DDA7002B2530 /* UIImageView+Circle.m in Sources */ = {isa = PBXBuildFile; fileRef = 6B36E5001ED6DDA7002B2530 /* UIImageView+Circle.m */; };
		6B36E5041ED6DF6E002B2530 /* RecommendTableViewCell.m in Sources */ = {isa = PBXBuildFile; fileRef = 6B36E5031ED6DF6E002B2530 /* RecommendTableViewCell.m */; };
		6B36E5071ED6ED3D002B2530 /* MerchantsTableViewCell.m in Sources */ = {isa = PBXBuildFile; fileRef = 6B36E5061ED6ED3D002B2530 /* MerchantsTableViewCell.m */; };
		6B36E50A1ED6F3C9002B2530 /* FoodsTableViewCell.m in Sources */ = {isa = PBXBuildFile; fileRef = 6B36E5091ED6F3C9002B2530 /* FoodsTableViewCell.m */; };
		6B36E52F1ED6FFDB002B2530 /* AFHTTPSessionManager.m in Sources */ = {isa = PBXBuildFile; fileRef = 6B36E50E1ED6FFDB002B2530 /* AFHTTPSessionManager.m */; };
		6B36E5301ED6FFDB002B2530 /* AFNetworkReachabilityManager.m in Sources */ = {isa = PBXBuildFile; fileRef = 6B36E5111ED6FFDB002B2530 /* AFNetworkReachabilityManager.m */; };
		6B36E5311ED6FFDB002B2530 /* AFSecurityPolicy.m in Sources */ = {isa = PBXBuildFile; fileRef = 6B36E5131ED6FFDB002B2530 /* AFSecurityPolicy.m */; };
		6B36E5321ED6FFDB002B2530 /* AFURLRequestSerialization.m in Sources */ = {isa = PBXBuildFile; fileRef = 6B36E5151ED6FFDB002B2530 /* AFURLRequestSerialization.m */; };
		6B36E5331ED6FFDB002B2530 /* AFURLResponseSerialization.m in Sources */ = {isa = PBXBuildFile; fileRef = 6B36E5171ED6FFDB002B2530 /* AFURLResponseSerialization.m */; };
		6B36E5341ED6FFDB002B2530 /* AFURLSessionManager.m in Sources */ = {isa = PBXBuildFile; fileRef = 6B36E5191ED6FFDB002B2530 /* AFURLSessionManager.m */; };
		6B36E5351ED6FFDB002B2530 /* AFAutoPurgingImageCache.m in Sources */ = {isa = PBXBuildFile; fileRef = 6B36E51C1ED6FFDB002B2530 /* AFAutoPurgingImageCache.m */; };
		6B36E5361ED6FFDB002B2530 /* AFImageDownloader.m in Sources */ = {isa = PBXBuildFile; fileRef = 6B36E51E1ED6FFDB002B2530 /* AFImageDownloader.m */; };
		6B36E5371ED6FFDB002B2530 /* AFNetworkActivityIndicatorManager.m in Sources */ = {isa = PBXBuildFile; fileRef = 6B36E5201ED6FFDB002B2530 /* AFNetworkActivityIndicatorManager.m */; };
		6B36E5381ED6FFDB002B2530 /* UIActivityIndicatorView+AFNetworking.m in Sources */ = {isa = PBXBuildFile; fileRef = 6B36E5221ED6FFDB002B2530 /* UIActivityIndicatorView+AFNetworking.m */; };
		6B36E5391ED6FFDB002B2530 /* UIButton+AFNetworking.m in Sources */ = {isa = PBXBuildFile; fileRef = 6B36E5241ED6FFDB002B2530 /* UIButton+AFNetworking.m */; };
		6B36E53A1ED6FFDB002B2530 /* UIImageView+AFNetworking.m in Sources */ = {isa = PBXBuildFile; fileRef = 6B36E5271ED6FFDB002B2530 /* UIImageView+AFNetworking.m */; };
		6B36E53B1ED6FFDB002B2530 /* UIProgressView+AFNetworking.m in Sources */ = {isa = PBXBuildFile; fileRef = 6B36E52A1ED6FFDB002B2530 /* UIProgressView+AFNetworking.m */; };
		6B36E53C1ED6FFDB002B2530 /* UIRefreshControl+AFNetworking.m in Sources */ = {isa = PBXBuildFile; fileRef = 6B36E52C1ED6FFDB002B2530 /* UIRefreshControl+AFNetworking.m */; };
		6B36E53D1ED6FFDB002B2530 /* UIWebView+AFNetworking.m in Sources */ = {isa = PBXBuildFile; fileRef = 6B36E52E1ED6FFDB002B2530 /* UIWebView+AFNetworking.m */; };
		6B36E5411ED7CF97002B2530 /* ADModel.m in Sources */ = {isa = PBXBuildFile; fileRef = 6B36E5401ED7CF97002B2530 /* ADModel.m */; };
		6B36E54A1ED7CFF5002B2530 /* FoodsModel.m in Sources */ = {isa = PBXBuildFile; fileRef = 6B36E5491ED7CFF5002B2530 /* FoodsModel.m */; };
		6B36E5591ED7D2B5002B2530 /* IndexViewModel.m in Sources */ = {isa = PBXBuildFile; fileRef = 6B36E5581ED7D2B5002B2530 /* IndexViewModel.m */; };
		6B36E55F1ED7D41A002B2530 /* JZNetManager.m in Sources */ = {isa = PBXBuildFile; fileRef = 6B36E55C1ED7D41A002B2530 /* JZNetManager.m */; };
		6B36E5601ED7D41A002B2530 /* JZRequestTool.m in Sources */ = {isa = PBXBuildFile; fileRef = 6B36E55E1ED7D41A002B2530 /* JZRequestTool.m */; };
		6B36E5661ED7D4F4002B2530 /* NSObject+YYModel.m in Sources */ = {isa = PBXBuildFile; fileRef = 6B36E5631ED7D4F4002B2530 /* NSObject+YYModel.m */; };
		6B36E5671ED7D4F4002B2530 /* YYClassInfo.m in Sources */ = {isa = PBXBuildFile; fileRef = 6B36E5651ED7D4F4002B2530 /* YYClassInfo.m */; };
		6B36E5971ED7D668002B2530 /* MJRefreshAutoFooter.m in Sources */ = {isa = PBXBuildFile; fileRef = 6B36E56B1ED7D668002B2530 /* MJRefreshAutoFooter.m */; };
		6B36E5981ED7D668002B2530 /* MJRefreshBackFooter.m in Sources */ = {isa = PBXBuildFile; fileRef = 6B36E56D1ED7D668002B2530 /* MJRefreshBackFooter.m */; };
		6B36E5991ED7D668002B2530 /* MJRefreshComponent.m in Sources */ = {isa = PBXBuildFile; fileRef = 6B36E56F1ED7D668002B2530 /* MJRefreshComponent.m */; };
		6B36E59A1ED7D668002B2530 /* MJRefreshFooter.m in Sources */ = {isa = PBXBuildFile; fileRef = 6B36E5711ED7D668002B2530 /* MJRefreshFooter.m */; };
		6B36E59B1ED7D668002B2530 /* MJRefreshHeader.m in Sources */ = {isa = PBXBuildFile; fileRef = 6B36E5731ED7D668002B2530 /* MJRefreshHeader.m */; };
		6B36E59C1ED7D668002B2530 /* MJRefreshAutoGifFooter.m in Sources */ = {isa = PBXBuildFile; fileRef = 6B36E5781ED7D668002B2530 /* MJRefreshAutoGifFooter.m */; };
		6B36E59D1ED7D668002B2530 /* MJRefreshAutoNormalFooter.m in Sources */ = {isa = PBXBuildFile; fileRef = 6B36E57A1ED7D668002B2530 /* MJRefreshAutoNormalFooter.m */; };
		6B36E59E1ED7D668002B2530 /* MJRefreshAutoStateFooter.m in Sources */ = {isa = PBXBuildFile; fileRef = 6B36E57C1ED7D668002B2530 /* MJRefreshAutoStateFooter.m */; };
		6B36E59F1ED7D668002B2530 /* MJRefreshBackGifFooter.m in Sources */ = {isa = PBXBuildFile; fileRef = 6B36E57F1ED7D668002B2530 /* MJRefreshBackGifFooter.m */; };
		6B36E5A01ED7D668002B2530 /* MJRefreshBackNormalFooter.m in Sources */ = {isa = PBXBuildFile; fileRef = 6B36E5811ED7D668002B2530 /* MJRefreshBackNormalFooter.m */; };
		6B36E5A11ED7D668002B2530 /* MJRefreshBackStateFooter.m in Sources */ = {isa = PBXBuildFile; fileRef = 6B36E5831ED7D668002B2530 /* MJRefreshBackStateFooter.m */; };
		6B36E5A21ED7D668002B2530 /* MJRefreshGifHeader.m in Sources */ = {isa = PBXBuildFile; fileRef = 6B36E5861ED7D668002B2530 /* MJRefreshGifHeader.m */; };
		6B36E5A31ED7D668002B2530 /* MJRefreshNormalHeader.m in Sources */ = {isa = PBXBuildFile; fileRef = 6B36E5881ED7D668002B2530 /* MJRefreshNormalHeader.m */; };
		6B36E5A41ED7D668002B2530 /* MJRefreshStateHeader.m in Sources */ = {isa = PBXBuildFile; fileRef = 6B36E58A1ED7D668002B2530 /* MJRefreshStateHeader.m */; };
		6B36E5A51ED7D668002B2530 /* MJRefresh.bundle in Resources */ = {isa = PBXBuildFile; fileRef = 6B36E58B1ED7D668002B2530 /* MJRefresh.bundle */; };
		6B36E5A61ED7D668002B2530 /* MJRefreshConst.m in Sources */ = {isa = PBXBuildFile; fileRef = 6B36E58E1ED7D668002B2530 /* MJRefreshConst.m */; };
		6B36E5A71ED7D668002B2530 /* NSBundle+MJRefresh.m in Sources */ = {isa = PBXBuildFile; fileRef = 6B36E5901ED7D668002B2530 /* NSBundle+MJRefresh.m */; };
		6B36E5A81ED7D668002B2530 /* UIScrollView+MJExtension.m in Sources */ = {isa = PBXBuildFile; fileRef = 6B36E5921ED7D668002B2530 /* UIScrollView+MJExtension.m */; };
		6B36E5A91ED7D668002B2530 /* UIScrollView+MJRefresh.m in Sources */ = {isa = PBXBuildFile; fileRef = 6B36E5941ED7D668002B2530 /* UIScrollView+MJRefresh.m */; };
		6B36E5AA1ED7D668002B2530 /* UIView+MJExtension.m in Sources */ = {isa = PBXBuildFile; fileRef = 6B36E5961ED7D668002B2530 /* UIView+MJExtension.m */; };
		6B36E5AE1ED7F098002B2530 /* FoodsHeaderView.m in Sources */ = {isa = PBXBuildFile; fileRef = 6B36E5AD1ED7F098002B2530 /* FoodsHeaderView.m */; };
		6B36E5BC1ED7FB4A002B2530 /* PYSearch.bundle in Resources */ = {isa = PBXBuildFile; fileRef = 6B36E5B01ED7FB4A002B2530 /* PYSearch.bundle */; };
		6B36E5BD1ED7FB4A002B2530 /* PYSearchConst.m in Sources */ = {isa = PBXBuildFile; fileRef = 6B36E5B31ED7FB4A002B2530 /* PYSearchConst.m */; };
		6B36E5BE1ED7FB4A002B2530 /* PYSearchSuggestionViewController.m in Sources */ = {isa = PBXBuildFile; fileRef = 6B36E5B51ED7FB4A002B2530 /* PYSearchSuggestionViewController.m */; };
		6B36E5BF1ED7FB4A002B2530 /* PYSearchViewController.m in Sources */ = {isa = PBXBuildFile; fileRef = 6B36E5B71ED7FB4A002B2530 /* PYSearchViewController.m */; };
		6B36E5C01ED7FB4A002B2530 /* UIColor+PYExtension.m in Sources */ = {isa = PBXBuildFile; fileRef = 6B36E5B91ED7FB4A002B2530 /* UIColor+PYExtension.m */; };
		6B36E5C11ED7FB4A002B2530 /* UIView+PYExtension.m in Sources */ = {isa = PBXBuildFile; fileRef = 6B36E5BB1ED7FB4A002B2530 /* UIView+PYExtension.m */; };
		6B36E5C41ED7FC1F002B2530 /* SearchResultViewController.m in Sources */ = {isa = PBXBuildFile; fileRef = 6B36E5C31ED7FC1F002B2530 /* SearchResultViewController.m */; };
		6B36E5C71ED7FF2D002B2530 /* SearchViewModel.m in Sources */ = {isa = PBXBuildFile; fileRef = 6B36E5C61ED7FF2D002B2530 /* SearchViewModel.m */; };
		937844979BC5D0C29BE45D4F /* Pods_NativeMeal.framework in Frameworks */ = {isa = PBXBuildFile; fileRef = 1ED0DB076A1EF74CD45A9648 /* Pods_NativeMeal.framework */; };
/* End PBXBuildFile section */

/* Begin PBXContainerItemProxy section */
		6738614D1ECE954C001D068F /* PBXContainerItemProxy */ = {
			isa = PBXContainerItemProxy;
			containerPortal = 6738612B1ECE954B001D068F /* Project object */;
			proxyType = 1;
			remoteGlobalIDString = 673861321ECE954B001D068F;
			remoteInfo = NativeMeal;
		};
		673861581ECE954C001D068F /* PBXContainerItemProxy */ = {
			isa = PBXContainerItemProxy;
			containerPortal = 6738612B1ECE954B001D068F /* Project object */;
			proxyType = 1;
			remoteGlobalIDString = 673861321ECE954B001D068F;
			remoteInfo = NativeMeal;
		};
/* End PBXContainerItemProxy section */

/* Begin PBXFileReference section */
		1E71B61DCBAF4F21601D46C5 /* Pods-NativeMeal.release.xcconfig */ = {isa = PBXFileReference; includeInIndex = 1; lastKnownFileType = text.xcconfig; name = "Pods-NativeMeal.release.xcconfig"; path = "Pods/Target Support Files/Pods-NativeMeal/Pods-NativeMeal.release.xcconfig"; sourceTree = "<group>"; };
		1ED0DB076A1EF74CD45A9648 /* Pods_NativeMeal.framework */ = {isa = PBXFileReference; explicitFileType = wrapper.framework; includeInIndex = 0; path = Pods_NativeMeal.framework; sourceTree = BUILT_PRODUCTS_DIR; };
		268465ED07344D1753CF5C7B /* Pods-NativeMeal.debug.xcconfig */ = {isa = PBXFileReference; includeInIndex = 1; lastKnownFileType = text.xcconfig; name = "Pods-NativeMeal.debug.xcconfig"; path = "Pods/Target Support Files/Pods-NativeMeal/Pods-NativeMeal.debug.xcconfig"; sourceTree = "<group>"; };
		6727962E1EE2F06E00BAD65C /* NearbyCell.m */ = {isa = PBXFileReference; fileEncoding = 4; lastKnownFileType = sourcecode.c.objc; path = NearbyCell.m; sourceTree = "<group>"; };
		6727962F1EE2F06E00BAD65C /* NearbyCell.h */ = {isa = PBXFileReference; fileEncoding = 4; lastKnownFileType = sourcecode.c.h; path = NearbyCell.h; sourceTree = "<group>"; };
		672796311EE2F12200BAD65C /* All_collectView.m */ = {isa = PBXFileReference; fileEncoding = 4; lastKnownFileType = sourcecode.c.objc; path = All_collectView.m; sourceTree = "<group>"; };
		672796321EE2F12200BAD65C /* All_orderView.m */ = {isa = PBXFileReference; fileEncoding = 4; lastKnownFileType = sourcecode.c.objc; path = All_orderView.m; sourceTree = "<group>"; };
		672796331EE2F12200BAD65C /* All_collectView.h */ = {isa = PBXFileReference; fileEncoding = 4; lastKnownFileType = sourcecode.c.h; path = All_collectView.h; sourceTree = "<group>"; };
		672796341EE2F12200BAD65C /* All_orderView.h */ = {isa = PBXFileReference; fileEncoding = 4; lastKnownFileType = sourcecode.c.h; path = All_orderView.h; sourceTree = "<group>"; };
		672796371EE2F12F00BAD65C /* OrderCell.m */ = {isa = PBXFileReference; fileEncoding = 4; lastKnownFileType = sourcecode.c.objc; path = OrderCell.m; sourceTree = "<group>"; };
		672796381EE2F12F00BAD65C /* OrderCell.h */ = {isa = PBXFileReference; fileEncoding = 4; lastKnownFileType = sourcecode.c.h; path = OrderCell.h; sourceTree = "<group>"; };
		6727963B1EE2F21C00BAD65C /* bundle.js */ = {isa = PBXFileReference; fileEncoding = 4; lastKnownFileType = sourcecode.javascript; path = bundle.js; sourceTree = "<group>"; };
		6727963C1EE2F21C00BAD65C /* index.html */ = {isa = PBXFileReference; fileEncoding = 4; lastKnownFileType = text.html; path = index.html; sourceTree = "<group>"; };
		6727963F1EE2F2BD00BAD65C /* ShopController.h */ = {isa = PBXFileReference; fileEncoding = 4; lastKnownFileType = sourcecode.c.h; path = ShopController.h; sourceTree = "<group>"; };
		672796401EE2F2BD00BAD65C /* ShopController.m */ = {isa = PBXFileReference; fileEncoding = 4; lastKnownFileType = sourcecode.c.objc; path = ShopController.m; sourceTree = "<group>"; };
		673861331ECE954B001D068F /* NativeMeal.app */ = {isa = PBXFileReference; explicitFileType = wrapper.application; includeInIndex = 0; path = NativeMeal.app; sourceTree = BUILT_PRODUCTS_DIR; };
		673861371ECE954B001D068F /* main.m */ = {isa = PBXFileReference; lastKnownFileType = sourcecode.c.objc; path = main.m; sourceTree = "<group>"; };
		673861471ECE954B001D068F /* Info.plist */ = {isa = PBXFileReference; lastKnownFileType = text.plist.xml; path = Info.plist; sourceTree = "<group>"; };
		6738614C1ECE954C001D068F /* NativeMealTests.xctest */ = {isa = PBXFileReference; explicitFileType = wrapper.cfbundle; includeInIndex = 0; path = NativeMealTests.xctest; sourceTree = BUILT_PRODUCTS_DIR; };
		673861501ECE954C001D068F /* NativeMealTests.m */ = {isa = PBXFileReference; lastKnownFileType = sourcecode.c.objc; path = NativeMealTests.m; sourceTree = "<group>"; };
		673861521ECE954C001D068F /* Info.plist */ = {isa = PBXFileReference; lastKnownFileType = text.plist.xml; path = Info.plist; sourceTree = "<group>"; };
		673861571ECE954C001D068F /* NativeMealUITests.xctest */ = {isa = PBXFileReference; explicitFileType = wrapper.cfbundle; includeInIndex = 0; path = NativeMealUITests.xctest; sourceTree = BUILT_PRODUCTS_DIR; };
		6738615B1ECE954C001D068F /* NativeMealUITests.m */ = {isa = PBXFileReference; lastKnownFileType = sourcecode.c.objc; path = NativeMealUITests.m; sourceTree = "<group>"; };
		6738615D1ECE954C001D068F /* Info.plist */ = {isa = PBXFileReference; lastKnownFileType = text.plist.xml; path = Info.plist; sourceTree = "<group>"; };
		6738617A1ECE962D001D068F /* AppDelegate.h */ = {isa = PBXFileReference; fileEncoding = 4; lastKnownFileType = sourcecode.c.h; path = AppDelegate.h; sourceTree = "<group>"; };
		6738617B1ECE962D001D068F /* AppDelegate.m */ = {isa = PBXFileReference; fileEncoding = 4; lastKnownFileType = sourcecode.c.objc; path = AppDelegate.m; sourceTree = "<group>"; };
		6738617D1ECE9771001D068F /* IndexController.h */ = {isa = PBXFileReference; fileEncoding = 4; lastKnownFileType = sourcecode.c.h; path = IndexController.h; sourceTree = "<group>"; };
		6738617E1ECE9771001D068F /* IndexController.m */ = {isa = PBXFileReference; fileEncoding = 4; lastKnownFileType = sourcecode.c.objc; path = IndexController.m; sourceTree = "<group>"; };
		673861801ECEA6AF001D068F /* Launch Screen.storyboard */ = {isa = PBXFileReference; fileEncoding = 4; lastKnownFileType = file.storyboard; path = "Launch Screen.storyboard"; sourceTree = "<group>"; };
		673861821ECEA7C9001D068F /* NearController.h */ = {isa = PBXFileReference; fileEncoding = 4; lastKnownFileType = sourcecode.c.h; path = NearController.h; sourceTree = "<group>"; };
		673861831ECEA7C9001D068F /* NearController.m */ = {isa = PBXFileReference; fileEncoding = 4; lastKnownFileType = sourcecode.c.objc; path = NearController.m; sourceTree = "<group>"; };
		673861851ECEA9CB001D068F /* Assets.xcassets */ = {isa = PBXFileReference; lastKnownFileType = folder.assetcatalog; path = Assets.xcassets; sourceTree = "<group>"; };
		6738618A1ECED8AF001D068F /* MeController.h */ = {isa = PBXFileReference; fileEncoding = 4; lastKnownFileType = sourcecode.c.h; path = MeController.h; sourceTree = "<group>"; };
		6738618B1ECED8AF001D068F /* MeController.m */ = {isa = PBXFileReference; fileEncoding = 4; lastKnownFileType = sourcecode.c.objc; path = MeController.m; sourceTree = "<group>"; };
		6738618D1ECED930001D068F /* OrderController.h */ = {isa = PBXFileReference; fileEncoding = 4; lastKnownFileType = sourcecode.c.h; path = OrderController.h; sourceTree = "<group>"; };
		6738618E1ECED930001D068F /* OrderController.m */ = {isa = PBXFileReference; fileEncoding = 4; lastKnownFileType = sourcecode.c.objc; path = OrderController.m; sourceTree = "<group>"; };
		673861901ECEF09E001D068F /* SettingController.h */ = {isa = PBXFileReference; fileEncoding = 4; lastKnownFileType = sourcecode.c.h; path = SettingController.h; sourceTree = "<group>"; };
		673861911ECEF09E001D068F /* SettingController.m */ = {isa = PBXFileReference; fileEncoding = 4; lastKnownFileType = sourcecode.c.objc; path = SettingController.m; sourceTree = "<group>"; };
		673861931ECF126C001D068F /* AccountController.h */ = {isa = PBXFileReference; fileEncoding = 4; lastKnownFileType = sourcecode.c.h; path = AccountController.h; sourceTree = "<group>"; };
		673861941ECF126C001D068F /* AccountController.m */ = {isa = PBXFileReference; fileEncoding = 4; lastKnownFileType = sourcecode.c.objc; path = AccountController.m; sourceTree = "<group>"; };
		673861971ECF22E4001D068F /* AboutViewController.h */ = {isa = PBXFileReference; fileEncoding = 4; lastKnownFileType = sourcecode.c.h; path = AboutViewController.h; sourceTree = "<group>"; };
		673861981ECF22E4001D068F /* AboutViewController.m */ = {isa = PBXFileReference; fileEncoding = 4; lastKnownFileType = sourcecode.c.objc; path = AboutViewController.m; sourceTree = "<group>"; };
		6738619B1ECF24A0001D068F /* UILabel+Automatic.h */ = {isa = PBXFileReference; fileEncoding = 4; lastKnownFileType = sourcecode.c.h; path = "UILabel+Automatic.h"; sourceTree = "<group>"; };
		6738619C1ECF24A0001D068F /* UILabel+Automatic.m */ = {isa = PBXFileReference; fileEncoding = 4; lastKnownFileType = sourcecode.c.objc; path = "UILabel+Automatic.m"; sourceTree = "<group>"; };
		6738619E1ECF24C9001D068F /* Screen.h */ = {isa = PBXFileReference; fileEncoding = 4; lastKnownFileType = sourcecode.c.h; path = Screen.h; sourceTree = "<group>"; };
		6738619F1ECF24C9001D068F /* Screen.m */ = {isa = PBXFileReference; fileEncoding = 4; lastKnownFileType = sourcecode.c.objc; path = Screen.m; sourceTree = "<group>"; };
		673861A21ECFEF19001D068F /* MBProgressHUD.h */ = {isa = PBXFileReference; fileEncoding = 4; lastKnownFileType = sourcecode.c.h; path = MBProgressHUD.h; sourceTree = "<group>"; };
		673861A31ECFEF19001D068F /* MBProgressHUD.m */ = {isa = PBXFileReference; fileEncoding = 4; lastKnownFileType = sourcecode.c.objc; path = MBProgressHUD.m; sourceTree = "<group>"; };
		673861A41ECFEF19001D068F /* MBProgressHUD+Add.h */ = {isa = PBXFileReference; fileEncoding = 4; lastKnownFileType = sourcecode.c.h; path = "MBProgressHUD+Add.h"; sourceTree = "<group>"; };
		673861A51ECFEF19001D068F /* MBProgressHUD+Add.m */ = {isa = PBXFileReference; fileEncoding = 4; lastKnownFileType = sourcecode.c.objc; path = "MBProgressHUD+Add.m"; sourceTree = "<group>"; };
		673861A61ECFEF19001D068F /* UIViewController+HUD.h */ = {isa = PBXFileReference; fileEncoding = 4; lastKnownFileType = sourcecode.c.h; path = "UIViewController+HUD.h"; sourceTree = "<group>"; };
		673861A71ECFEF19001D068F /* UIViewController+HUD.m */ = {isa = PBXFileReference; fileEncoding = 4; lastKnownFileType = sourcecode.c.objc; path = "UIViewController+HUD.m"; sourceTree = "<group>"; };
		673861AB1ECFF420001D068F /* TermsServiceViewController.h */ = {isa = PBXFileReference; fileEncoding = 4; lastKnownFileType = sourcecode.c.h; path = TermsServiceViewController.h; sourceTree = "<group>"; };
		673861AC1ECFF420001D068F /* TermsServiceViewController.m */ = {isa = PBXFileReference; fileEncoding = 4; lastKnownFileType = sourcecode.c.objc; path = TermsServiceViewController.m; sourceTree = "<group>"; };
		673861AE1ECFF615001D068F /* FeedBackViewController.h */ = {isa = PBXFileReference; fileEncoding = 4; lastKnownFileType = sourcecode.c.h; path = FeedBackViewController.h; sourceTree = "<group>"; };
		673861AF1ECFF615001D068F /* FeedBackViewController.m */ = {isa = PBXFileReference; fileEncoding = 4; lastKnownFileType = sourcecode.c.objc; path = FeedBackViewController.m; sourceTree = "<group>"; };
		673861B11ED02EE1001D068F /* LoginCell.h */ = {isa = PBXFileReference; fileEncoding = 4; lastKnownFileType = sourcecode.c.h; path = LoginCell.h; sourceTree = "<group>"; };
		673861B21ED02EE1001D068F /* LoginCell.m */ = {isa = PBXFileReference; fileEncoding = 4; lastKnownFileType = sourcecode.c.objc; path = LoginCell.m; sourceTree = "<group>"; };
		673861B51ED0704B001D068F /* UIView+Expansion.h */ = {isa = PBXFileReference; fileEncoding = 4; lastKnownFileType = sourcecode.c.h; path = "UIView+Expansion.h"; sourceTree = "<group>"; };
		673861B61ED0704B001D068F /* UIView+Expansion.m */ = {isa = PBXFileReference; fileEncoding = 4; lastKnownFileType = sourcecode.c.objc; path = "UIView+Expansion.m"; sourceTree = "<group>"; };
		673861BC1ED18136001D068F /* LoginViewController.h */ = {isa = PBXFileReference; fileEncoding = 4; lastKnownFileType = sourcecode.c.h; name = LoginViewController.h; path = ../LoginViewController.h; sourceTree = "<group>"; };
		673861BD1ED18136001D068F /* LoginViewController.m */ = {isa = PBXFileReference; fileEncoding = 4; lastKnownFileType = sourcecode.c.objc; name = LoginViewController.m; path = ../LoginViewController.m; sourceTree = "<group>"; };
		675CDC221ED5207E00C35DB6 /* PrefixHeader.pch */ = {isa = PBXFileReference; lastKnownFileType = sourcecode.c.h; path = PrefixHeader.pch; sourceTree = "<group>"; };
		675CDC231ED5800100C35DB6 /* RegisterViewController.h */ = {isa = PBXFileReference; fileEncoding = 4; lastKnownFileType = sourcecode.c.h; name = RegisterViewController.h; path = ../RegisterViewController.h; sourceTree = "<group>"; };
		675CDC241ED5800100C35DB6 /* RegisterViewController.m */ = {isa = PBXFileReference; fileEncoding = 4; lastKnownFileType = sourcecode.c.objc; name = RegisterViewController.m; path = ../RegisterViewController.m; sourceTree = "<group>"; };
		675CDC2A1ED5A55D00C35DB6 /* ResetPasswordViewController.h */ = {isa = PBXFileReference; fileEncoding = 4; lastKnownFileType = sourcecode.c.h; path = ResetPasswordViewController.h; sourceTree = "<group>"; };
		675CDC2B1ED5A55D00C35DB6 /* ResetPasswordViewController.m */ = {isa = PBXFileReference; fileEncoding = 4; lastKnownFileType = sourcecode.c.objc; path = ResetPasswordViewController.m; sourceTree = "<group>"; };
		675CDC301ED5C45500C35DB6 /* UserDetailViewController.h */ = {isa = PBXFileReference; fileEncoding = 4; lastKnownFileType = sourcecode.c.h; path = UserDetailViewController.h; sourceTree = "<group>"; };
		675CDC311ED5C45500C35DB6 /* UserDetailViewController.m */ = {isa = PBXFileReference; fileEncoding = 4; lastKnownFileType = sourcecode.c.objc; path = UserDetailViewController.m; sourceTree = "<group>"; };
		675CDC331ED5C4B600C35DB6 /* User.h */ = {isa = PBXFileReference; fileEncoding = 4; lastKnownFileType = sourcecode.c.h; path = User.h; sourceTree = "<group>"; };
		675CDC341ED5C4B600C35DB6 /* User.m */ = {isa = PBXFileReference; fileEncoding = 4; lastKnownFileType = sourcecode.c.objc; path = User.m; sourceTree = "<group>"; };
		675CDC361ED5C67A00C35DB6 /* EditUserDetailViewController.h */ = {isa = PBXFileReference; fileEncoding = 4; lastKnownFileType = sourcecode.c.h; name = EditUserDetailViewController.h; path = LoginAndRegist/EditUserDetailViewController.h; sourceTree = "<group>"; };
		675CDC371ED5C67A00C35DB6 /* EditUserDetailViewController.m */ = {isa = PBXFileReference; fileEncoding = 4; lastKnownFileType = sourcecode.c.objc; name = EditUserDetailViewController.m; path = LoginAndRegist/EditUserDetailViewController.m; sourceTree = "<group>"; };
		675CDC391ED5C6E400C35DB6 /* PictureTableViewCell.h */ = {isa = PBXFileReference; fileEncoding = 4; lastKnownFileType = sourcecode.c.h; path = PictureTableViewCell.h; sourceTree = "<group>"; };
		675CDC3A1ED5C6E400C35DB6 /* PictureTableViewCell.m */ = {isa = PBXFileReference; fileEncoding = 4; lastKnownFileType = sourcecode.c.objc; path = PictureTableViewCell.m; sourceTree = "<group>"; };
		675CDC3C1ED5C75800C35DB6 /* UserMessageTableViewCell.h */ = {isa = PBXFileReference; fileEncoding = 4; lastKnownFileType = sourcecode.c.h; path = UserMessageTableViewCell.h; sourceTree = "<group>"; };
		675CDC3D1ED5C75800C35DB6 /* UserMessageTableViewCell.m */ = {isa = PBXFileReference; fileEncoding = 4; lastKnownFileType = sourcecode.c.objc; path = UserMessageTableViewCell.m; sourceTree = "<group>"; };
		675CDC3F1ED67F1100C35DB6 /* EditTableViewCell.h */ = {isa = PBXFileReference; fileEncoding = 4; lastKnownFileType = sourcecode.c.h; path = EditTableViewCell.h; sourceTree = "<group>"; };
		675CDC401ED67F1100C35DB6 /* EditTableViewCell.m */ = {isa = PBXFileReference; fileEncoding = 4; lastKnownFileType = sourcecode.c.objc; path = EditTableViewCell.m; sourceTree = "<group>"; };
		6B36E4E51ED6CD14002B2530 /* NavView.h */ = {isa = PBXFileReference; fileEncoding = 4; lastKnownFileType = sourcecode.c.h; path = NavView.h; sourceTree = "<group>"; };
		6B36E4E61ED6CD14002B2530 /* NavView.m */ = {isa = PBXFileReference; fileEncoding = 4; lastKnownFileType = sourcecode.c.objc; path = NavView.m; sourceTree = "<group>"; };
		6B36E4EB1ED6CEEC002B2530 /* SDAutoLayout.h */ = {isa = PBXFileReference; fileEncoding = 4; lastKnownFileType = sourcecode.c.h; path = SDAutoLayout.h; sourceTree = "<group>"; };
		6B36E4EC1ED6CEEC002B2530 /* UITableView+SDAutoTableViewCellHeight.h */ = {isa = PBXFileReference; fileEncoding = 4; lastKnownFileType = sourcecode.c.h; path = "UITableView+SDAutoTableViewCellHeight.h"; sourceTree = "<group>"; };
		6B36E4ED1ED6CEEC002B2530 /* UITableView+SDAutoTableViewCellHeight.m */ = {isa = PBXFileReference; fileEncoding = 4; lastKnownFileType = sourcecode.c.objc; path = "UITableView+SDAutoTableViewCellHeight.m"; sourceTree = "<group>"; };
		6B36E4EE1ED6CEEC002B2530 /* UIView+SDAutoLayout.h */ = {isa = PBXFileReference; fileEncoding = 4; lastKnownFileType = sourcecode.c.h; path = "UIView+SDAutoLayout.h"; sourceTree = "<group>"; };
		6B36E4EF1ED6CEEC002B2530 /* UIView+SDAutoLayout.m */ = {isa = PBXFileReference; fileEncoding = 4; lastKnownFileType = sourcecode.c.objc; path = "UIView+SDAutoLayout.m"; sourceTree = "<group>"; };
		6B36E4F31ED6D81B002B2530 /* AdScrollView.h */ = {isa = PBXFileReference; fileEncoding = 4; lastKnownFileType = sourcecode.c.h; path = AdScrollView.h; sourceTree = "<group>"; };
		6B36E4F41ED6D81B002B2530 /* AdScrollView.m */ = {isa = PBXFileReference; fileEncoding = 4; lastKnownFileType = sourcecode.c.objc; path = AdScrollView.m; sourceTree = "<group>"; };
		6B36E4F71ED6D846002B2530 /* ADTableViewCell.h */ = {isa = PBXFileReference; fileEncoding = 4; lastKnownFileType = sourcecode.c.h; path = ADTableViewCell.h; sourceTree = "<group>"; };
		6B36E4F81ED6D846002B2530 /* ADTableViewCell.m */ = {isa = PBXFileReference; fileEncoding = 4; lastKnownFileType = sourcecode.c.objc; path = ADTableViewCell.m; sourceTree = "<group>"; };
		6B36E4FA1ED6D982002B2530 /* CatagoryTableViewCell.h */ = {isa = PBXFileReference; fileEncoding = 4; lastKnownFileType = sourcecode.c.h; path = CatagoryTableViewCell.h; sourceTree = "<group>"; };
		6B36E4FB1ED6D982002B2530 /* CatagoryTableViewCell.m */ = {isa = PBXFileReference; fileEncoding = 4; lastKnownFileType = sourcecode.c.objc; path = CatagoryTableViewCell.m; sourceTree = "<group>"; };
		6B36E4FF1ED6DDA7002B2530 /* UIImageView+Circle.h */ = {isa = PBXFileReference; fileEncoding = 4; lastKnownFileType = sourcecode.c.h; path = "UIImageView+Circle.h"; sourceTree = "<group>"; };
		6B36E5001ED6DDA7002B2530 /* UIImageView+Circle.m */ = {isa = PBXFileReference; fileEncoding = 4; lastKnownFileType = sourcecode.c.objc; path = "UIImageView+Circle.m"; sourceTree = "<group>"; };
		6B36E5021ED6DF6E002B2530 /* RecommendTableViewCell.h */ = {isa = PBXFileReference; fileEncoding = 4; lastKnownFileType = sourcecode.c.h; path = RecommendTableViewCell.h; sourceTree = "<group>"; };
		6B36E5031ED6DF6E002B2530 /* RecommendTableViewCell.m */ = {isa = PBXFileReference; fileEncoding = 4; lastKnownFileType = sourcecode.c.objc; path = RecommendTableViewCell.m; sourceTree = "<group>"; };
		6B36E5051ED6ED3D002B2530 /* MerchantsTableViewCell.h */ = {isa = PBXFileReference; fileEncoding = 4; lastKnownFileType = sourcecode.c.h; path = MerchantsTableViewCell.h; sourceTree = "<group>"; };
		6B36E5061ED6ED3D002B2530 /* MerchantsTableViewCell.m */ = {isa = PBXFileReference; fileEncoding = 4; lastKnownFileType = sourcecode.c.objc; path = MerchantsTableViewCell.m; sourceTree = "<group>"; };
		6B36E5081ED6F3C9002B2530 /* FoodsTableViewCell.h */ = {isa = PBXFileReference; fileEncoding = 4; lastKnownFileType = sourcecode.c.h; path = FoodsTableViewCell.h; sourceTree = "<group>"; };
		6B36E5091ED6F3C9002B2530 /* FoodsTableViewCell.m */ = {isa = PBXFileReference; fileEncoding = 4; lastKnownFileType = sourcecode.c.objc; path = FoodsTableViewCell.m; sourceTree = "<group>"; };
		6B36E50D1ED6FFDB002B2530 /* AFHTTPSessionManager.h */ = {isa = PBXFileReference; fileEncoding = 4; lastKnownFileType = sourcecode.c.h; path = AFHTTPSessionManager.h; sourceTree = "<group>"; };
		6B36E50E1ED6FFDB002B2530 /* AFHTTPSessionManager.m */ = {isa = PBXFileReference; fileEncoding = 4; lastKnownFileType = sourcecode.c.objc; path = AFHTTPSessionManager.m; sourceTree = "<group>"; };
		6B36E50F1ED6FFDB002B2530 /* AFNetworking.h */ = {isa = PBXFileReference; fileEncoding = 4; lastKnownFileType = sourcecode.c.h; path = AFNetworking.h; sourceTree = "<group>"; };
		6B36E5101ED6FFDB002B2530 /* AFNetworkReachabilityManager.h */ = {isa = PBXFileReference; fileEncoding = 4; lastKnownFileType = sourcecode.c.h; path = AFNetworkReachabilityManager.h; sourceTree = "<group>"; };
		6B36E5111ED6FFDB002B2530 /* AFNetworkReachabilityManager.m */ = {isa = PBXFileReference; fileEncoding = 4; lastKnownFileType = sourcecode.c.objc; path = AFNetworkReachabilityManager.m; sourceTree = "<group>"; };
		6B36E5121ED6FFDB002B2530 /* AFSecurityPolicy.h */ = {isa = PBXFileReference; fileEncoding = 4; lastKnownFileType = sourcecode.c.h; path = AFSecurityPolicy.h; sourceTree = "<group>"; };
		6B36E5131ED6FFDB002B2530 /* AFSecurityPolicy.m */ = {isa = PBXFileReference; fileEncoding = 4; lastKnownFileType = sourcecode.c.objc; path = AFSecurityPolicy.m; sourceTree = "<group>"; };
		6B36E5141ED6FFDB002B2530 /* AFURLRequestSerialization.h */ = {isa = PBXFileReference; fileEncoding = 4; lastKnownFileType = sourcecode.c.h; path = AFURLRequestSerialization.h; sourceTree = "<group>"; };
		6B36E5151ED6FFDB002B2530 /* AFURLRequestSerialization.m */ = {isa = PBXFileReference; fileEncoding = 4; lastKnownFileType = sourcecode.c.objc; path = AFURLRequestSerialization.m; sourceTree = "<group>"; };
		6B36E5161ED6FFDB002B2530 /* AFURLResponseSerialization.h */ = {isa = PBXFileReference; fileEncoding = 4; lastKnownFileType = sourcecode.c.h; path = AFURLResponseSerialization.h; sourceTree = "<group>"; };
		6B36E5171ED6FFDB002B2530 /* AFURLResponseSerialization.m */ = {isa = PBXFileReference; fileEncoding = 4; lastKnownFileType = sourcecode.c.objc; path = AFURLResponseSerialization.m; sourceTree = "<group>"; };
		6B36E5181ED6FFDB002B2530 /* AFURLSessionManager.h */ = {isa = PBXFileReference; fileEncoding = 4; lastKnownFileType = sourcecode.c.h; path = AFURLSessionManager.h; sourceTree = "<group>"; };
		6B36E5191ED6FFDB002B2530 /* AFURLSessionManager.m */ = {isa = PBXFileReference; fileEncoding = 4; lastKnownFileType = sourcecode.c.objc; path = AFURLSessionManager.m; sourceTree = "<group>"; };
		6B36E51B1ED6FFDB002B2530 /* AFAutoPurgingImageCache.h */ = {isa = PBXFileReference; fileEncoding = 4; lastKnownFileType = sourcecode.c.h; path = AFAutoPurgingImageCache.h; sourceTree = "<group>"; };
		6B36E51C1ED6FFDB002B2530 /* AFAutoPurgingImageCache.m */ = {isa = PBXFileReference; fileEncoding = 4; lastKnownFileType = sourcecode.c.objc; path = AFAutoPurgingImageCache.m; sourceTree = "<group>"; };
		6B36E51D1ED6FFDB002B2530 /* AFImageDownloader.h */ = {isa = PBXFileReference; fileEncoding = 4; lastKnownFileType = sourcecode.c.h; path = AFImageDownloader.h; sourceTree = "<group>"; };
		6B36E51E1ED6FFDB002B2530 /* AFImageDownloader.m */ = {isa = PBXFileReference; fileEncoding = 4; lastKnownFileType = sourcecode.c.objc; path = AFImageDownloader.m; sourceTree = "<group>"; };
		6B36E51F1ED6FFDB002B2530 /* AFNetworkActivityIndicatorManager.h */ = {isa = PBXFileReference; fileEncoding = 4; lastKnownFileType = sourcecode.c.h; path = AFNetworkActivityIndicatorManager.h; sourceTree = "<group>"; };
		6B36E5201ED6FFDB002B2530 /* AFNetworkActivityIndicatorManager.m */ = {isa = PBXFileReference; fileEncoding = 4; lastKnownFileType = sourcecode.c.objc; path = AFNetworkActivityIndicatorManager.m; sourceTree = "<group>"; };
		6B36E5211ED6FFDB002B2530 /* UIActivityIndicatorView+AFNetworking.h */ = {isa = PBXFileReference; fileEncoding = 4; lastKnownFileType = sourcecode.c.h; path = "UIActivityIndicatorView+AFNetworking.h"; sourceTree = "<group>"; };
		6B36E5221ED6FFDB002B2530 /* UIActivityIndicatorView+AFNetworking.m */ = {isa = PBXFileReference; fileEncoding = 4; lastKnownFileType = sourcecode.c.objc; path = "UIActivityIndicatorView+AFNetworking.m"; sourceTree = "<group>"; };
		6B36E5231ED6FFDB002B2530 /* UIButton+AFNetworking.h */ = {isa = PBXFileReference; fileEncoding = 4; lastKnownFileType = sourcecode.c.h; path = "UIButton+AFNetworking.h"; sourceTree = "<group>"; };
		6B36E5241ED6FFDB002B2530 /* UIButton+AFNetworking.m */ = {isa = PBXFileReference; fileEncoding = 4; lastKnownFileType = sourcecode.c.objc; path = "UIButton+AFNetworking.m"; sourceTree = "<group>"; };
		6B36E5251ED6FFDB002B2530 /* UIImage+AFNetworking.h */ = {isa = PBXFileReference; fileEncoding = 4; lastKnownFileType = sourcecode.c.h; path = "UIImage+AFNetworking.h"; sourceTree = "<group>"; };
		6B36E5261ED6FFDB002B2530 /* UIImageView+AFNetworking.h */ = {isa = PBXFileReference; fileEncoding = 4; lastKnownFileType = sourcecode.c.h; path = "UIImageView+AFNetworking.h"; sourceTree = "<group>"; };
		6B36E5271ED6FFDB002B2530 /* UIImageView+AFNetworking.m */ = {isa = PBXFileReference; fileEncoding = 4; lastKnownFileType = sourcecode.c.objc; path = "UIImageView+AFNetworking.m"; sourceTree = "<group>"; };
		6B36E5281ED6FFDB002B2530 /* UIKit+AFNetworking.h */ = {isa = PBXFileReference; fileEncoding = 4; lastKnownFileType = sourcecode.c.h; path = "UIKit+AFNetworking.h"; sourceTree = "<group>"; };
		6B36E5291ED6FFDB002B2530 /* UIProgressView+AFNetworking.h */ = {isa = PBXFileReference; fileEncoding = 4; lastKnownFileType = sourcecode.c.h; path = "UIProgressView+AFNetworking.h"; sourceTree = "<group>"; };
		6B36E52A1ED6FFDB002B2530 /* UIProgressView+AFNetworking.m */ = {isa = PBXFileReference; fileEncoding = 4; lastKnownFileType = sourcecode.c.objc; path = "UIProgressView+AFNetworking.m"; sourceTree = "<group>"; };
		6B36E52B1ED6FFDB002B2530 /* UIRefreshControl+AFNetworking.h */ = {isa = PBXFileReference; fileEncoding = 4; lastKnownFileType = sourcecode.c.h; path = "UIRefreshControl+AFNetworking.h"; sourceTree = "<group>"; };
		6B36E52C1ED6FFDB002B2530 /* UIRefreshControl+AFNetworking.m */ = {isa = PBXFileReference; fileEncoding = 4; lastKnownFileType = sourcecode.c.objc; path = "UIRefreshControl+AFNetworking.m"; sourceTree = "<group>"; };
		6B36E52D1ED6FFDB002B2530 /* UIWebView+AFNetworking.h */ = {isa = PBXFileReference; fileEncoding = 4; lastKnownFileType = sourcecode.c.h; path = "UIWebView+AFNetworking.h"; sourceTree = "<group>"; };
		6B36E52E1ED6FFDB002B2530 /* UIWebView+AFNetworking.m */ = {isa = PBXFileReference; fileEncoding = 4; lastKnownFileType = sourcecode.c.objc; path = "UIWebView+AFNetworking.m"; sourceTree = "<group>"; };
		6B36E53F1ED7CF97002B2530 /* ADModel.h */ = {isa = PBXFileReference; fileEncoding = 4; lastKnownFileType = sourcecode.c.h; path = ADModel.h; sourceTree = "<group>"; };
		6B36E5401ED7CF97002B2530 /* ADModel.m */ = {isa = PBXFileReference; fileEncoding = 4; lastKnownFileType = sourcecode.c.objc; path = ADModel.m; sourceTree = "<group>"; };
		6B36E5481ED7CFF5002B2530 /* FoodsModel.h */ = {isa = PBXFileReference; fileEncoding = 4; lastKnownFileType = sourcecode.c.h; path = FoodsModel.h; sourceTree = "<group>"; };
		6B36E5491ED7CFF5002B2530 /* FoodsModel.m */ = {isa = PBXFileReference; fileEncoding = 4; lastKnownFileType = sourcecode.c.objc; path = FoodsModel.m; sourceTree = "<group>"; };
		6B36E5571ED7D2B5002B2530 /* IndexViewModel.h */ = {isa = PBXFileReference; fileEncoding = 4; lastKnownFileType = sourcecode.c.h; path = IndexViewModel.h; sourceTree = "<group>"; };
		6B36E5581ED7D2B5002B2530 /* IndexViewModel.m */ = {isa = PBXFileReference; fileEncoding = 4; lastKnownFileType = sourcecode.c.objc; path = IndexViewModel.m; sourceTree = "<group>"; };
		6B36E55B1ED7D41A002B2530 /* JZNetManager.h */ = {isa = PBXFileReference; fileEncoding = 4; lastKnownFileType = sourcecode.c.h; path = JZNetManager.h; sourceTree = "<group>"; };
		6B36E55C1ED7D41A002B2530 /* JZNetManager.m */ = {isa = PBXFileReference; fileEncoding = 4; lastKnownFileType = sourcecode.c.objc; path = JZNetManager.m; sourceTree = "<group>"; };
		6B36E55D1ED7D41A002B2530 /* JZRequestTool.h */ = {isa = PBXFileReference; fileEncoding = 4; lastKnownFileType = sourcecode.c.h; path = JZRequestTool.h; sourceTree = "<group>"; };
		6B36E55E1ED7D41A002B2530 /* JZRequestTool.m */ = {isa = PBXFileReference; fileEncoding = 4; lastKnownFileType = sourcecode.c.objc; path = JZRequestTool.m; sourceTree = "<group>"; };
		6B36E5621ED7D4F4002B2530 /* NSObject+YYModel.h */ = {isa = PBXFileReference; fileEncoding = 4; lastKnownFileType = sourcecode.c.h; path = "NSObject+YYModel.h"; sourceTree = "<group>"; };
		6B36E5631ED7D4F4002B2530 /* NSObject+YYModel.m */ = {isa = PBXFileReference; fileEncoding = 4; lastKnownFileType = sourcecode.c.objc; path = "NSObject+YYModel.m"; sourceTree = "<group>"; };
		6B36E5641ED7D4F4002B2530 /* YYClassInfo.h */ = {isa = PBXFileReference; fileEncoding = 4; lastKnownFileType = sourcecode.c.h; path = YYClassInfo.h; sourceTree = "<group>"; };
		6B36E5651ED7D4F4002B2530 /* YYClassInfo.m */ = {isa = PBXFileReference; fileEncoding = 4; lastKnownFileType = sourcecode.c.objc; path = YYClassInfo.m; sourceTree = "<group>"; };
		6B36E56A1ED7D668002B2530 /* MJRefreshAutoFooter.h */ = {isa = PBXFileReference; fileEncoding = 4; lastKnownFileType = sourcecode.c.h; path = MJRefreshAutoFooter.h; sourceTree = "<group>"; };
		6B36E56B1ED7D668002B2530 /* MJRefreshAutoFooter.m */ = {isa = PBXFileReference; fileEncoding = 4; lastKnownFileType = sourcecode.c.objc; path = MJRefreshAutoFooter.m; sourceTree = "<group>"; };
		6B36E56C1ED7D668002B2530 /* MJRefreshBackFooter.h */ = {isa = PBXFileReference; fileEncoding = 4; lastKnownFileType = sourcecode.c.h; path = MJRefreshBackFooter.h; sourceTree = "<group>"; };
		6B36E56D1ED7D668002B2530 /* MJRefreshBackFooter.m */ = {isa = PBXFileReference; fileEncoding = 4; lastKnownFileType = sourcecode.c.objc; path = MJRefreshBackFooter.m; sourceTree = "<group>"; };
		6B36E56E1ED7D668002B2530 /* MJRefreshComponent.h */ = {isa = PBXFileReference; fileEncoding = 4; lastKnownFileType = sourcecode.c.h; path = MJRefreshComponent.h; sourceTree = "<group>"; };
		6B36E56F1ED7D668002B2530 /* MJRefreshComponent.m */ = {isa = PBXFileReference; fileEncoding = 4; lastKnownFileType = sourcecode.c.objc; path = MJRefreshComponent.m; sourceTree = "<group>"; };
		6B36E5701ED7D668002B2530 /* MJRefreshFooter.h */ = {isa = PBXFileReference; fileEncoding = 4; lastKnownFileType = sourcecode.c.h; path = MJRefreshFooter.h; sourceTree = "<group>"; };
		6B36E5711ED7D668002B2530 /* MJRefreshFooter.m */ = {isa = PBXFileReference; fileEncoding = 4; lastKnownFileType = sourcecode.c.objc; path = MJRefreshFooter.m; sourceTree = "<group>"; };
		6B36E5721ED7D668002B2530 /* MJRefreshHeader.h */ = {isa = PBXFileReference; fileEncoding = 4; lastKnownFileType = sourcecode.c.h; path = MJRefreshHeader.h; sourceTree = "<group>"; };
		6B36E5731ED7D668002B2530 /* MJRefreshHeader.m */ = {isa = PBXFileReference; fileEncoding = 4; lastKnownFileType = sourcecode.c.objc; path = MJRefreshHeader.m; sourceTree = "<group>"; };
		6B36E5771ED7D668002B2530 /* MJRefreshAutoGifFooter.h */ = {isa = PBXFileReference; fileEncoding = 4; lastKnownFileType = sourcecode.c.h; path = MJRefreshAutoGifFooter.h; sourceTree = "<group>"; };
		6B36E5781ED7D668002B2530 /* MJRefreshAutoGifFooter.m */ = {isa = PBXFileReference; fileEncoding = 4; lastKnownFileType = sourcecode.c.objc; path = MJRefreshAutoGifFooter.m; sourceTree = "<group>"; };
		6B36E5791ED7D668002B2530 /* MJRefreshAutoNormalFooter.h */ = {isa = PBXFileReference; fileEncoding = 4; lastKnownFileType = sourcecode.c.h; path = MJRefreshAutoNormalFooter.h; sourceTree = "<group>"; };
		6B36E57A1ED7D668002B2530 /* MJRefreshAutoNormalFooter.m */ = {isa = PBXFileReference; fileEncoding = 4; lastKnownFileType = sourcecode.c.objc; path = MJRefreshAutoNormalFooter.m; sourceTree = "<group>"; };
		6B36E57B1ED7D668002B2530 /* MJRefreshAutoStateFooter.h */ = {isa = PBXFileReference; fileEncoding = 4; lastKnownFileType = sourcecode.c.h; path = MJRefreshAutoStateFooter.h; sourceTree = "<group>"; };
		6B36E57C1ED7D668002B2530 /* MJRefreshAutoStateFooter.m */ = {isa = PBXFileReference; fileEncoding = 4; lastKnownFileType = sourcecode.c.objc; path = MJRefreshAutoStateFooter.m; sourceTree = "<group>"; };
		6B36E57E1ED7D668002B2530 /* MJRefreshBackGifFooter.h */ = {isa = PBXFileReference; fileEncoding = 4; lastKnownFileType = sourcecode.c.h; path = MJRefreshBackGifFooter.h; sourceTree = "<group>"; };
		6B36E57F1ED7D668002B2530 /* MJRefreshBackGifFooter.m */ = {isa = PBXFileReference; fileEncoding = 4; lastKnownFileType = sourcecode.c.objc; path = MJRefreshBackGifFooter.m; sourceTree = "<group>"; };
		6B36E5801ED7D668002B2530 /* MJRefreshBackNormalFooter.h */ = {isa = PBXFileReference; fileEncoding = 4; lastKnownFileType = sourcecode.c.h; path = MJRefreshBackNormalFooter.h; sourceTree = "<group>"; };
		6B36E5811ED7D668002B2530 /* MJRefreshBackNormalFooter.m */ = {isa = PBXFileReference; fileEncoding = 4; lastKnownFileType = sourcecode.c.objc; path = MJRefreshBackNormalFooter.m; sourceTree = "<group>"; };
		6B36E5821ED7D668002B2530 /* MJRefreshBackStateFooter.h */ = {isa = PBXFileReference; fileEncoding = 4; lastKnownFileType = sourcecode.c.h; path = MJRefreshBackStateFooter.h; sourceTree = "<group>"; };
		6B36E5831ED7D668002B2530 /* MJRefreshBackStateFooter.m */ = {isa = PBXFileReference; fileEncoding = 4; lastKnownFileType = sourcecode.c.objc; path = MJRefreshBackStateFooter.m; sourceTree = "<group>"; };
		6B36E5851ED7D668002B2530 /* MJRefreshGifHeader.h */ = {isa = PBXFileReference; fileEncoding = 4; lastKnownFileType = sourcecode.c.h; path = MJRefreshGifHeader.h; sourceTree = "<group>"; };
		6B36E5861ED7D668002B2530 /* MJRefreshGifHeader.m */ = {isa = PBXFileReference; fileEncoding = 4; lastKnownFileType = sourcecode.c.objc; path = MJRefreshGifHeader.m; sourceTree = "<group>"; };
		6B36E5871ED7D668002B2530 /* MJRefreshNormalHeader.h */ = {isa = PBXFileReference; fileEncoding = 4; lastKnownFileType = sourcecode.c.h; path = MJRefreshNormalHeader.h; sourceTree = "<group>"; };
		6B36E5881ED7D668002B2530 /* MJRefreshNormalHeader.m */ = {isa = PBXFileReference; fileEncoding = 4; lastKnownFileType = sourcecode.c.objc; path = MJRefreshNormalHeader.m; sourceTree = "<group>"; };
		6B36E5891ED7D668002B2530 /* MJRefreshStateHeader.h */ = {isa = PBXFileReference; fileEncoding = 4; lastKnownFileType = sourcecode.c.h; path = MJRefreshStateHeader.h; sourceTree = "<group>"; };
		6B36E58A1ED7D668002B2530 /* MJRefreshStateHeader.m */ = {isa = PBXFileReference; fileEncoding = 4; lastKnownFileType = sourcecode.c.objc; path = MJRefreshStateHeader.m; sourceTree = "<group>"; };
		6B36E58B1ED7D668002B2530 /* MJRefresh.bundle */ = {isa = PBXFileReference; lastKnownFileType = "wrapper.plug-in"; path = MJRefresh.bundle; sourceTree = "<group>"; };
		6B36E58C1ED7D668002B2530 /* MJRefresh.h */ = {isa = PBXFileReference; fileEncoding = 4; lastKnownFileType = sourcecode.c.h; path = MJRefresh.h; sourceTree = "<group>"; };
		6B36E58D1ED7D668002B2530 /* MJRefreshConst.h */ = {isa = PBXFileReference; fileEncoding = 4; lastKnownFileType = sourcecode.c.h; path = MJRefreshConst.h; sourceTree = "<group>"; };
		6B36E58E1ED7D668002B2530 /* MJRefreshConst.m */ = {isa = PBXFileReference; fileEncoding = 4; lastKnownFileType = sourcecode.c.objc; path = MJRefreshConst.m; sourceTree = "<group>"; };
		6B36E58F1ED7D668002B2530 /* NSBundle+MJRefresh.h */ = {isa = PBXFileReference; fileEncoding = 4; lastKnownFileType = sourcecode.c.h; path = "NSBundle+MJRefresh.h"; sourceTree = "<group>"; };
		6B36E5901ED7D668002B2530 /* NSBundle+MJRefresh.m */ = {isa = PBXFileReference; fileEncoding = 4; lastKnownFileType = sourcecode.c.objc; path = "NSBundle+MJRefresh.m"; sourceTree = "<group>"; };
		6B36E5911ED7D668002B2530 /* UIScrollView+MJExtension.h */ = {isa = PBXFileReference; fileEncoding = 4; lastKnownFileType = sourcecode.c.h; path = "UIScrollView+MJExtension.h"; sourceTree = "<group>"; };
		6B36E5921ED7D668002B2530 /* UIScrollView+MJExtension.m */ = {isa = PBXFileReference; fileEncoding = 4; lastKnownFileType = sourcecode.c.objc; path = "UIScrollView+MJExtension.m"; sourceTree = "<group>"; };
		6B36E5931ED7D668002B2530 /* UIScrollView+MJRefresh.h */ = {isa = PBXFileReference; fileEncoding = 4; lastKnownFileType = sourcecode.c.h; path = "UIScrollView+MJRefresh.h"; sourceTree = "<group>"; };
		6B36E5941ED7D668002B2530 /* UIScrollView+MJRefresh.m */ = {isa = PBXFileReference; fileEncoding = 4; lastKnownFileType = sourcecode.c.objc; path = "UIScrollView+MJRefresh.m"; sourceTree = "<group>"; };
		6B36E5951ED7D668002B2530 /* UIView+MJExtension.h */ = {isa = PBXFileReference; fileEncoding = 4; lastKnownFileType = sourcecode.c.h; path = "UIView+MJExtension.h"; sourceTree = "<group>"; };
		6B36E5961ED7D668002B2530 /* UIView+MJExtension.m */ = {isa = PBXFileReference; fileEncoding = 4; lastKnownFileType = sourcecode.c.objc; path = "UIView+MJExtension.m"; sourceTree = "<group>"; };
		6B36E5AC1ED7F098002B2530 /* FoodsHeaderView.h */ = {isa = PBXFileReference; fileEncoding = 4; lastKnownFileType = sourcecode.c.h; path = FoodsHeaderView.h; sourceTree = "<group>"; };
		6B36E5AD1ED7F098002B2530 /* FoodsHeaderView.m */ = {isa = PBXFileReference; fileEncoding = 4; lastKnownFileType = sourcecode.c.objc; path = FoodsHeaderView.m; sourceTree = "<group>"; };
		6B36E5B01ED7FB4A002B2530 /* PYSearch.bundle */ = {isa = PBXFileReference; lastKnownFileType = "wrapper.plug-in"; path = PYSearch.bundle; sourceTree = "<group>"; };
		6B36E5B11ED7FB4A002B2530 /* PYSearch.h */ = {isa = PBXFileReference; fileEncoding = 4; lastKnownFileType = sourcecode.c.h; path = PYSearch.h; sourceTree = "<group>"; };
		6B36E5B21ED7FB4A002B2530 /* PYSearchConst.h */ = {isa = PBXFileReference; fileEncoding = 4; lastKnownFileType = sourcecode.c.h; path = PYSearchConst.h; sourceTree = "<group>"; };
		6B36E5B31ED7FB4A002B2530 /* PYSearchConst.m */ = {isa = PBXFileReference; fileEncoding = 4; lastKnownFileType = sourcecode.c.objc; path = PYSearchConst.m; sourceTree = "<group>"; };
		6B36E5B41ED7FB4A002B2530 /* PYSearchSuggestionViewController.h */ = {isa = PBXFileReference; fileEncoding = 4; lastKnownFileType = sourcecode.c.h; path = PYSearchSuggestionViewController.h; sourceTree = "<group>"; };
		6B36E5B51ED7FB4A002B2530 /* PYSearchSuggestionViewController.m */ = {isa = PBXFileReference; fileEncoding = 4; lastKnownFileType = sourcecode.c.objc; path = PYSearchSuggestionViewController.m; sourceTree = "<group>"; };
		6B36E5B61ED7FB4A002B2530 /* PYSearchViewController.h */ = {isa = PBXFileReference; fileEncoding = 4; lastKnownFileType = sourcecode.c.h; path = PYSearchViewController.h; sourceTree = "<group>"; };
		6B36E5B71ED7FB4A002B2530 /* PYSearchViewController.m */ = {isa = PBXFileReference; fileEncoding = 4; lastKnownFileType = sourcecode.c.objc; path = PYSearchViewController.m; sourceTree = "<group>"; };
		6B36E5B81ED7FB4A002B2530 /* UIColor+PYExtension.h */ = {isa = PBXFileReference; fileEncoding = 4; lastKnownFileType = sourcecode.c.h; path = "UIColor+PYExtension.h"; sourceTree = "<group>"; };
		6B36E5B91ED7FB4A002B2530 /* UIColor+PYExtension.m */ = {isa = PBXFileReference; fileEncoding = 4; lastKnownFileType = sourcecode.c.objc; path = "UIColor+PYExtension.m"; sourceTree = "<group>"; };
		6B36E5BA1ED7FB4A002B2530 /* UIView+PYExtension.h */ = {isa = PBXFileReference; fileEncoding = 4; lastKnownFileType = sourcecode.c.h; path = "UIView+PYExtension.h"; sourceTree = "<group>"; };
		6B36E5BB1ED7FB4A002B2530 /* UIView+PYExtension.m */ = {isa = PBXFileReference; fileEncoding = 4; lastKnownFileType = sourcecode.c.objc; path = "UIView+PYExtension.m"; sourceTree = "<group>"; };
		6B36E5C21ED7FC1F002B2530 /* SearchResultViewController.h */ = {isa = PBXFileReference; fileEncoding = 4; lastKnownFileType = sourcecode.c.h; path = SearchResultViewController.h; sourceTree = "<group>"; };
		6B36E5C31ED7FC1F002B2530 /* SearchResultViewController.m */ = {isa = PBXFileReference; fileEncoding = 4; lastKnownFileType = sourcecode.c.objc; path = SearchResultViewController.m; sourceTree = "<group>"; };
		6B36E5C51ED7FF2D002B2530 /* SearchViewModel.h */ = {isa = PBXFileReference; fileEncoding = 4; lastKnownFileType = sourcecode.c.h; path = SearchViewModel.h; sourceTree = "<group>"; };
		6B36E5C61ED7FF2D002B2530 /* SearchViewModel.m */ = {isa = PBXFileReference; fileEncoding = 4; lastKnownFileType = sourcecode.c.objc; path = SearchViewModel.m; sourceTree = "<group>"; };
/* End PBXFileReference section */

/* Begin PBXFrameworksBuildPhase section */
		673861301ECE954B001D068F /* Frameworks */ = {
			isa = PBXFrameworksBuildPhase;
			buildActionMask = 2147483647;
			files = (
				937844979BC5D0C29BE45D4F /* Pods_NativeMeal.framework in Frameworks */,
			);
			runOnlyForDeploymentPostprocessing = 0;
		};
		673861491ECE954C001D068F /* Frameworks */ = {
			isa = PBXFrameworksBuildPhase;
			buildActionMask = 2147483647;
			files = (
			);
			runOnlyForDeploymentPostprocessing = 0;
		};
		673861541ECE954C001D068F /* Frameworks */ = {
			isa = PBXFrameworksBuildPhase;
			buildActionMask = 2147483647;
			files = (
			);
			runOnlyForDeploymentPostprocessing = 0;
		};
/* End PBXFrameworksBuildPhase section */

/* Begin PBXGroup section */
		0E927F84B10BC51B53C40A49 /* Frameworks */ = {
			isa = PBXGroup;
			children = (
				1ED0DB076A1EF74CD45A9648 /* Pods_NativeMeal.framework */,
			);
			name = Frameworks;
			sourceTree = "<group>";
		};
		3064857A460B3898545DB5D8 /* Pods */ = {
			isa = PBXGroup;
			children = (
				268465ED07344D1753CF5C7B /* Pods-NativeMeal.debug.xcconfig */,
				1E71B61DCBAF4F21601D46C5 /* Pods-NativeMeal.release.xcconfig */,
			);
			name = Pods;
			sourceTree = "<group>";
		};
		6727963A1EE2F21C00BAD65C /* H5 */ = {
			isa = PBXGroup;
			children = (
				6727963B1EE2F21C00BAD65C /* bundle.js */,
				6727963C1EE2F21C00BAD65C /* index.html */,
			);
			path = H5;
			sourceTree = "<group>";
		};
		6738612A1ECE954B001D068F = {
			isa = PBXGroup;
			children = (
				675CDC221ED5207E00C35DB6 /* PrefixHeader.pch */,
				673861351ECE954B001D068F /* NativeMeal */,
				6738614F1ECE954C001D068F /* NativeMealTests */,
				6738615A1ECE954C001D068F /* NativeMealUITests */,
				673861341ECE954B001D068F /* Products */,
				3064857A460B3898545DB5D8 /* Pods */,
				0E927F84B10BC51B53C40A49 /* Frameworks */,
			);
			sourceTree = "<group>";
		};
		673861341ECE954B001D068F /* Products */ = {
			isa = PBXGroup;
			children = (
				673861331ECE954B001D068F /* NativeMeal.app */,
				6738614C1ECE954C001D068F /* NativeMealTests.xctest */,
				673861571ECE954C001D068F /* NativeMealUITests.xctest */,
			);
			name = Products;
			sourceTree = "<group>";
		};
		673861351ECE954B001D068F /* NativeMeal */ = {
			isa = PBXGroup;
			children = (
				6727963A1EE2F21C00BAD65C /* H5 */,
				6B36E4FD1ED6DD8F002B2530 /* catagory */,
				6B36E4E91ED6CEEC002B2530 /* framework */,
				673861B41ED07027001D068F /* expansion */,
				673861791ECE962D001D068F /* AppDelegate */,
				673861751ECE95FF001D068F /* Index */,
				6738616D1ECE95FF001D068F /* Nearby */,
				673861691ECE95FF001D068F /* Order */,
				673861711ECE95FF001D068F /* Me */,
				6738619A1ECF2401001D068F /* Tools */,
				673861361ECE954B001D068F /* Supporting Files */,
			);
			path = NativeMeal;
			sourceTree = "<group>";
		};
		673861361ECE954B001D068F /* Supporting Files */ = {
			isa = PBXGroup;
			children = (
				673861851ECEA9CB001D068F /* Assets.xcassets */,
				673861471ECE954B001D068F /* Info.plist */,
				673861371ECE954B001D068F /* main.m */,
				673861801ECEA6AF001D068F /* Launch Screen.storyboard */,
			);
			name = "Supporting Files";
			sourceTree = "<group>";
		};
		6738614F1ECE954C001D068F /* NativeMealTests */ = {
			isa = PBXGroup;
			children = (
				673861501ECE954C001D068F /* NativeMealTests.m */,
				673861521ECE954C001D068F /* Info.plist */,
			);
			path = NativeMealTests;
			sourceTree = "<group>";
		};
		6738615A1ECE954C001D068F /* NativeMealUITests */ = {
			isa = PBXGroup;
			children = (
				6738615B1ECE954C001D068F /* NativeMealUITests.m */,
				6738615D1ECE954C001D068F /* Info.plist */,
			);
			path = NativeMealUITests;
			sourceTree = "<group>";
		};
		673861691ECE95FF001D068F /* Order */ = {
			isa = PBXGroup;
			children = (
				6738616A1ECE95FF001D068F /* Controller */,
				6738616B1ECE95FF001D068F /* Model */,
				6738616C1ECE95FF001D068F /* View */,
			);
			path = Order;
			sourceTree = "<group>";
		};
		6738616A1ECE95FF001D068F /* Controller */ = {
			isa = PBXGroup;
			children = (
				672796311EE2F12200BAD65C /* All_collectView.m */,
				672796321EE2F12200BAD65C /* All_orderView.m */,
				672796331EE2F12200BAD65C /* All_collectView.h */,
				672796341EE2F12200BAD65C /* All_orderView.h */,
				6738618D1ECED930001D068F /* OrderController.h */,
				6738618E1ECED930001D068F /* OrderController.m */,
			);
			path = Controller;
			sourceTree = "<group>";
		};
		6738616B1ECE95FF001D068F /* Model */ = {
			isa = PBXGroup;
			children = (
			);
			path = Model;
			sourceTree = "<group>";
		};
		6738616C1ECE95FF001D068F /* View */ = {
			isa = PBXGroup;
			children = (
				672796371EE2F12F00BAD65C /* OrderCell.m */,
				672796381EE2F12F00BAD65C /* OrderCell.h */,
			);
			path = View;
			sourceTree = "<group>";
		};
		6738616D1ECE95FF001D068F /* Nearby */ = {
			isa = PBXGroup;
			children = (
				6738616E1ECE95FF001D068F /* Controller */,
				6738616F1ECE95FF001D068F /* Model */,
				673861701ECE95FF001D068F /* View */,
			);
			path = Nearby;
			sourceTree = "<group>";
		};
		6738616E1ECE95FF001D068F /* Controller */ = {
			isa = PBXGroup;
			children = (
				673861821ECEA7C9001D068F /* NearController.h */,
				673861831ECEA7C9001D068F /* NearController.m */,
				6727963F1EE2F2BD00BAD65C /* ShopController.h */,
				672796401EE2F2BD00BAD65C /* ShopController.m */,
			);
			path = Controller;
			sourceTree = "<group>";
		};
		6738616F1ECE95FF001D068F /* Model */ = {
			isa = PBXGroup;
			children = (
			);
			path = Model;
			sourceTree = "<group>";
		};
		673861701ECE95FF001D068F /* View */ = {
			isa = PBXGroup;
			children = (
				6727962E1EE2F06E00BAD65C /* NearbyCell.m */,
				6727962F1EE2F06E00BAD65C /* NearbyCell.h */,
			);
			path = View;
			sourceTree = "<group>";
		};
		673861711ECE95FF001D068F /* Me */ = {
			isa = PBXGroup;
			children = (
				673861721ECE95FF001D068F /* Controller */,
				673861731ECE95FF001D068F /* Model */,
				673861741ECE95FF001D068F /* View */,
			);
			path = Me;
			sourceTree = "<group>";
		};
		673861721ECE95FF001D068F /* Controller */ = {
			isa = PBXGroup;
			children = (
				673861B81ED17FD2001D068F /* PersonalProfile */,
				673861961ECF229C001D068F /* setting */,
				6738618A1ECED8AF001D068F /* MeController.h */,
				6738618B1ECED8AF001D068F /* MeController.m */,
				673861901ECEF09E001D068F /* SettingController.h */,
				673861911ECEF09E001D068F /* SettingController.m */,
				673861931ECF126C001D068F /* AccountController.h */,
				673861941ECF126C001D068F /* AccountController.m */,
				673861AE1ECFF615001D068F /* FeedBackViewController.h */,
				673861AF1ECFF615001D068F /* FeedBackViewController.m */,
			);
			path = Controller;
			sourceTree = "<group>";
		};
		673861731ECE95FF001D068F /* Model */ = {
			isa = PBXGroup;
			children = (
				675CDC331ED5C4B600C35DB6 /* User.h */,
				675CDC341ED5C4B600C35DB6 /* User.m */,
			);
			path = Model;
			sourceTree = "<group>";
		};
		673861741ECE95FF001D068F /* View */ = {
			isa = PBXGroup;
			children = (
				673861B11ED02EE1001D068F /* LoginCell.h */,
				673861B21ED02EE1001D068F /* LoginCell.m */,
				675CDC391ED5C6E400C35DB6 /* PictureTableViewCell.h */,
				675CDC3A1ED5C6E400C35DB6 /* PictureTableViewCell.m */,
				675CDC3C1ED5C75800C35DB6 /* UserMessageTableViewCell.h */,
				675CDC3D1ED5C75800C35DB6 /* UserMessageTableViewCell.m */,
				675CDC3F1ED67F1100C35DB6 /* EditTableViewCell.h */,
				675CDC401ED67F1100C35DB6 /* EditTableViewCell.m */,
			);
			path = View;
			sourceTree = "<group>";
		};
		673861751ECE95FF001D068F /* Index */ = {
			isa = PBXGroup;
			children = (
				6B36E53E1ED7CF7E002B2530 /* ViewModel */,
				673861761ECE95FF001D068F /* Controller */,
				673861771ECE95FF001D068F /* Model */,
				673861781ECE95FF001D068F /* View */,
			);
			path = Index;
			sourceTree = "<group>";
		};
		673861761ECE95FF001D068F /* Controller */ = {
			isa = PBXGroup;
			children = (
				6738617D1ECE9771001D068F /* IndexController.h */,
				6738617E1ECE9771001D068F /* IndexController.m */,
				6B36E5C21ED7FC1F002B2530 /* SearchResultViewController.h */,
				6B36E5C31ED7FC1F002B2530 /* SearchResultViewController.m */,
			);
			path = Controller;
			sourceTree = "<group>";
		};
		673861771ECE95FF001D068F /* Model */ = {
			isa = PBXGroup;
			children = (
				6B36E53F1ED7CF97002B2530 /* ADModel.h */,
				6B36E5401ED7CF97002B2530 /* ADModel.m */,
				6B36E5481ED7CFF5002B2530 /* FoodsModel.h */,
				6B36E5491ED7CFF5002B2530 /* FoodsModel.m */,
			);
			path = Model;
			sourceTree = "<group>";
		};
		673861781ECE95FF001D068F /* View */ = {
			isa = PBXGroup;
			children = (
				6B36E5AB1ED7F080002B2530 /* TableHeaderView */,
				6B36E4F61ED6D833002B2530 /* Cell */,
				6B36E4F21ED6D81B002B2530 /* JZPicScrollView */,
				6B36E4E51ED6CD14002B2530 /* NavView.h */,
				6B36E4E61ED6CD14002B2530 /* NavView.m */,
			);
			path = View;
			sourceTree = "<group>";
		};
		673861791ECE962D001D068F /* AppDelegate */ = {
			isa = PBXGroup;
			children = (
				6738617A1ECE962D001D068F /* AppDelegate.h */,
				6738617B1ECE962D001D068F /* AppDelegate.m */,
			);
			path = AppDelegate;
			sourceTree = "<group>";
		};
		673861961ECF229C001D068F /* setting */ = {
			isa = PBXGroup;
			children = (
				673861971ECF22E4001D068F /* AboutViewController.h */,
				673861981ECF22E4001D068F /* AboutViewController.m */,
				673861AB1ECFF420001D068F /* TermsServiceViewController.h */,
				673861AC1ECFF420001D068F /* TermsServiceViewController.m */,
			);
			name = setting;
			sourceTree = "<group>";
		};
		6738619A1ECF2401001D068F /* Tools */ = {
			isa = PBXGroup;
			children = (
				6B36E5AF1ED7FB4A002B2530 /* PYSearch */,
				6B36E5611ED7D4F4002B2530 /* YYModel */,
				6B36E55A1ED7D41A002B2530 /* NetManager */,
				6B36E50B1ED6FFDB002B2530 /* AFNetworking */,
				673861A11ECFEEFE001D068F /* MBProgressHUD */,
				6738619E1ECF24C9001D068F /* Screen.h */,
				6738619F1ECF24C9001D068F /* Screen.m */,
				6738619B1ECF24A0001D068F /* UILabel+Automatic.h */,
				6738619C1ECF24A0001D068F /* UILabel+Automatic.m */,
			);
			name = Tools;
			sourceTree = "<group>";
		};
		673861A11ECFEEFE001D068F /* MBProgressHUD */ = {
			isa = PBXGroup;
			children = (
				673861A21ECFEF19001D068F /* MBProgressHUD.h */,
				673861A31ECFEF19001D068F /* MBProgressHUD.m */,
				673861A41ECFEF19001D068F /* MBProgressHUD+Add.h */,
				673861A51ECFEF19001D068F /* MBProgressHUD+Add.m */,
				673861A61ECFEF19001D068F /* UIViewController+HUD.h */,
				673861A71ECFEF19001D068F /* UIViewController+HUD.m */,
			);
			name = MBProgressHUD;
			sourceTree = "<group>";
		};
		673861B41ED07027001D068F /* expansion */ = {
			isa = PBXGroup;
			children = (
				673861B51ED0704B001D068F /* UIView+Expansion.h */,
				673861B61ED0704B001D068F /* UIView+Expansion.m */,
			);
			path = expansion;
			sourceTree = "<group>";
		};
		673861B81ED17FD2001D068F /* PersonalProfile */ = {
			isa = PBXGroup;
			children = (
				675CDC301ED5C45500C35DB6 /* UserDetailViewController.h */,
				675CDC311ED5C45500C35DB6 /* UserDetailViewController.m */,
				675CDC361ED5C67A00C35DB6 /* EditUserDetailViewController.h */,
				675CDC371ED5C67A00C35DB6 /* EditUserDetailViewController.m */,
				675CDC261ED5A45800C35DB6 /* LoginAndRegist */,
			);
			name = PersonalProfile;
			sourceTree = "<group>";
		};
		675CDC261ED5A45800C35DB6 /* LoginAndRegist */ = {
			isa = PBXGroup;
			children = (
				673861BC1ED18136001D068F /* LoginViewController.h */,
				673861BD1ED18136001D068F /* LoginViewController.m */,
				675CDC231ED5800100C35DB6 /* RegisterViewController.h */,
				675CDC241ED5800100C35DB6 /* RegisterViewController.m */,
				675CDC2A1ED5A55D00C35DB6 /* ResetPasswordViewController.h */,
				675CDC2B1ED5A55D00C35DB6 /* ResetPasswordViewController.m */,
			);
			path = LoginAndRegist;
			sourceTree = "<group>";
		};
		6B36E4E91ED6CEEC002B2530 /* framework */ = {
			isa = PBXGroup;
			children = (
				6B36E5681ED7D668002B2530 /* MJRefresh */,
				6B36E4EA1ED6CEEC002B2530 /* SDAutoLayout */,
			);
			path = framework;
			sourceTree = "<group>";
		};
		6B36E4EA1ED6CEEC002B2530 /* SDAutoLayout */ = {
			isa = PBXGroup;
			children = (
				6B36E4EB1ED6CEEC002B2530 /* SDAutoLayout.h */,
				6B36E4EC1ED6CEEC002B2530 /* UITableView+SDAutoTableViewCellHeight.h */,
				6B36E4ED1ED6CEEC002B2530 /* UITableView+SDAutoTableViewCellHeight.m */,
				6B36E4EE1ED6CEEC002B2530 /* UIView+SDAutoLayout.h */,
				6B36E4EF1ED6CEEC002B2530 /* UIView+SDAutoLayout.m */,
			);
			path = SDAutoLayout;
			sourceTree = "<group>";
		};
		6B36E4F21ED6D81B002B2530 /* JZPicScrollView */ = {
			isa = PBXGroup;
			children = (
				6B36E4F31ED6D81B002B2530 /* AdScrollView.h */,
				6B36E4F41ED6D81B002B2530 /* AdScrollView.m */,
			);
			path = JZPicScrollView;
			sourceTree = "<group>";
		};
		6B36E4F61ED6D833002B2530 /* Cell */ = {
			isa = PBXGroup;
			children = (
				6B36E4F71ED6D846002B2530 /* ADTableViewCell.h */,
				6B36E4F81ED6D846002B2530 /* ADTableViewCell.m */,
				6B36E4FA1ED6D982002B2530 /* CatagoryTableViewCell.h */,
				6B36E4FB1ED6D982002B2530 /* CatagoryTableViewCell.m */,
				6B36E5021ED6DF6E002B2530 /* RecommendTableViewCell.h */,
				6B36E5031ED6DF6E002B2530 /* RecommendTableViewCell.m */,
				6B36E5051ED6ED3D002B2530 /* MerchantsTableViewCell.h */,
				6B36E5061ED6ED3D002B2530 /* MerchantsTableViewCell.m */,
				6B36E5081ED6F3C9002B2530 /* FoodsTableViewCell.h */,
				6B36E5091ED6F3C9002B2530 /* FoodsTableViewCell.m */,
			);
			path = Cell;
			sourceTree = "<group>";
		};
		6B36E4FD1ED6DD8F002B2530 /* catagory */ = {
			isa = PBXGroup;
			children = (
				6B36E4FE1ED6DDA7002B2530 /* UIImageView */,
			);
			path = catagory;
			sourceTree = "<group>";
		};
		6B36E4FE1ED6DDA7002B2530 /* UIImageView */ = {
			isa = PBXGroup;
			children = (
				6B36E4FF1ED6DDA7002B2530 /* UIImageView+Circle.h */,
				6B36E5001ED6DDA7002B2530 /* UIImageView+Circle.m */,
			);
			path = UIImageView;
			sourceTree = "<group>";
		};
		6B36E50B1ED6FFDB002B2530 /* AFNetworking */ = {
			isa = PBXGroup;
			children = (
				6B36E50C1ED6FFDB002B2530 /* AFNetworking */,
				6B36E51A1ED6FFDB002B2530 /* UIKit+AFNetworking */,
			);
			path = AFNetworking;
			sourceTree = "<group>";
		};
		6B36E50C1ED6FFDB002B2530 /* AFNetworking */ = {
			isa = PBXGroup;
			children = (
				6B36E50D1ED6FFDB002B2530 /* AFHTTPSessionManager.h */,
				6B36E50E1ED6FFDB002B2530 /* AFHTTPSessionManager.m */,
				6B36E50F1ED6FFDB002B2530 /* AFNetworking.h */,
				6B36E5101ED6FFDB002B2530 /* AFNetworkReachabilityManager.h */,
				6B36E5111ED6FFDB002B2530 /* AFNetworkReachabilityManager.m */,
				6B36E5121ED6FFDB002B2530 /* AFSecurityPolicy.h */,
				6B36E5131ED6FFDB002B2530 /* AFSecurityPolicy.m */,
				6B36E5141ED6FFDB002B2530 /* AFURLRequestSerialization.h */,
				6B36E5151ED6FFDB002B2530 /* AFURLRequestSerialization.m */,
				6B36E5161ED6FFDB002B2530 /* AFURLResponseSerialization.h */,
				6B36E5171ED6FFDB002B2530 /* AFURLResponseSerialization.m */,
				6B36E5181ED6FFDB002B2530 /* AFURLSessionManager.h */,
				6B36E5191ED6FFDB002B2530 /* AFURLSessionManager.m */,
			);
			path = AFNetworking;
			sourceTree = "<group>";
		};
		6B36E51A1ED6FFDB002B2530 /* UIKit+AFNetworking */ = {
			isa = PBXGroup;
			children = (
				6B36E51B1ED6FFDB002B2530 /* AFAutoPurgingImageCache.h */,
				6B36E51C1ED6FFDB002B2530 /* AFAutoPurgingImageCache.m */,
				6B36E51D1ED6FFDB002B2530 /* AFImageDownloader.h */,
				6B36E51E1ED6FFDB002B2530 /* AFImageDownloader.m */,
				6B36E51F1ED6FFDB002B2530 /* AFNetworkActivityIndicatorManager.h */,
				6B36E5201ED6FFDB002B2530 /* AFNetworkActivityIndicatorManager.m */,
				6B36E5211ED6FFDB002B2530 /* UIActivityIndicatorView+AFNetworking.h */,
				6B36E5221ED6FFDB002B2530 /* UIActivityIndicatorView+AFNetworking.m */,
				6B36E5231ED6FFDB002B2530 /* UIButton+AFNetworking.h */,
				6B36E5241ED6FFDB002B2530 /* UIButton+AFNetworking.m */,
				6B36E5251ED6FFDB002B2530 /* UIImage+AFNetworking.h */,
				6B36E5261ED6FFDB002B2530 /* UIImageView+AFNetworking.h */,
				6B36E5271ED6FFDB002B2530 /* UIImageView+AFNetworking.m */,
				6B36E5281ED6FFDB002B2530 /* UIKit+AFNetworking.h */,
				6B36E5291ED6FFDB002B2530 /* UIProgressView+AFNetworking.h */,
				6B36E52A1ED6FFDB002B2530 /* UIProgressView+AFNetworking.m */,
				6B36E52B1ED6FFDB002B2530 /* UIRefreshControl+AFNetworking.h */,
				6B36E52C1ED6FFDB002B2530 /* UIRefreshControl+AFNetworking.m */,
				6B36E52D1ED6FFDB002B2530 /* UIWebView+AFNetworking.h */,
				6B36E52E1ED6FFDB002B2530 /* UIWebView+AFNetworking.m */,
			);
			path = "UIKit+AFNetworking";
			sourceTree = "<group>";
		};
		6B36E53E1ED7CF7E002B2530 /* ViewModel */ = {
			isa = PBXGroup;
			children = (
				6B36E5571ED7D2B5002B2530 /* IndexViewModel.h */,
				6B36E5581ED7D2B5002B2530 /* IndexViewModel.m */,
				6B36E5C51ED7FF2D002B2530 /* SearchViewModel.h */,
				6B36E5C61ED7FF2D002B2530 /* SearchViewModel.m */,
			);
			path = ViewModel;
			sourceTree = "<group>";
		};
		6B36E55A1ED7D41A002B2530 /* NetManager */ = {
			isa = PBXGroup;
			children = (
				6B36E55B1ED7D41A002B2530 /* JZNetManager.h */,
				6B36E55C1ED7D41A002B2530 /* JZNetManager.m */,
				6B36E55D1ED7D41A002B2530 /* JZRequestTool.h */,
				6B36E55E1ED7D41A002B2530 /* JZRequestTool.m */,
			);
			path = NetManager;
			sourceTree = "<group>";
		};
		6B36E5611ED7D4F4002B2530 /* YYModel */ = {
			isa = PBXGroup;
			children = (
				6B36E5621ED7D4F4002B2530 /* NSObject+YYModel.h */,
				6B36E5631ED7D4F4002B2530 /* NSObject+YYModel.m */,
				6B36E5641ED7D4F4002B2530 /* YYClassInfo.h */,
				6B36E5651ED7D4F4002B2530 /* YYClassInfo.m */,
			);
			path = YYModel;
			sourceTree = "<group>";
		};
		6B36E5681ED7D668002B2530 /* MJRefresh */ = {
			isa = PBXGroup;
			children = (
				6B36E5691ED7D668002B2530 /* Base */,
				6B36E5741ED7D668002B2530 /* Custom */,
				6B36E58B1ED7D668002B2530 /* MJRefresh.bundle */,
				6B36E58C1ED7D668002B2530 /* MJRefresh.h */,
				6B36E58D1ED7D668002B2530 /* MJRefreshConst.h */,
				6B36E58E1ED7D668002B2530 /* MJRefreshConst.m */,
				6B36E58F1ED7D668002B2530 /* NSBundle+MJRefresh.h */,
				6B36E5901ED7D668002B2530 /* NSBundle+MJRefresh.m */,
				6B36E5911ED7D668002B2530 /* UIScrollView+MJExtension.h */,
				6B36E5921ED7D668002B2530 /* UIScrollView+MJExtension.m */,
				6B36E5931ED7D668002B2530 /* UIScrollView+MJRefresh.h */,
				6B36E5941ED7D668002B2530 /* UIScrollView+MJRefresh.m */,
				6B36E5951ED7D668002B2530 /* UIView+MJExtension.h */,
				6B36E5961ED7D668002B2530 /* UIView+MJExtension.m */,
			);
			path = MJRefresh;
			sourceTree = "<group>";
		};
		6B36E5691ED7D668002B2530 /* Base */ = {
			isa = PBXGroup;
			children = (
				6B36E56A1ED7D668002B2530 /* MJRefreshAutoFooter.h */,
				6B36E56B1ED7D668002B2530 /* MJRefreshAutoFooter.m */,
				6B36E56C1ED7D668002B2530 /* MJRefreshBackFooter.h */,
				6B36E56D1ED7D668002B2530 /* MJRefreshBackFooter.m */,
				6B36E56E1ED7D668002B2530 /* MJRefreshComponent.h */,
				6B36E56F1ED7D668002B2530 /* MJRefreshComponent.m */,
				6B36E5701ED7D668002B2530 /* MJRefreshFooter.h */,
				6B36E5711ED7D668002B2530 /* MJRefreshFooter.m */,
				6B36E5721ED7D668002B2530 /* MJRefreshHeader.h */,
				6B36E5731ED7D668002B2530 /* MJRefreshHeader.m */,
			);
			path = Base;
			sourceTree = "<group>";
		};
		6B36E5741ED7D668002B2530 /* Custom */ = {
			isa = PBXGroup;
			children = (
				6B36E5751ED7D668002B2530 /* Footer */,
				6B36E5841ED7D668002B2530 /* Header */,
			);
			path = Custom;
			sourceTree = "<group>";
		};
		6B36E5751ED7D668002B2530 /* Footer */ = {
			isa = PBXGroup;
			children = (
				6B36E5761ED7D668002B2530 /* Auto */,
				6B36E57D1ED7D668002B2530 /* Back */,
			);
			path = Footer;
			sourceTree = "<group>";
		};
		6B36E5761ED7D668002B2530 /* Auto */ = {
			isa = PBXGroup;
			children = (
				6B36E5771ED7D668002B2530 /* MJRefreshAutoGifFooter.h */,
				6B36E5781ED7D668002B2530 /* MJRefreshAutoGifFooter.m */,
				6B36E5791ED7D668002B2530 /* MJRefreshAutoNormalFooter.h */,
				6B36E57A1ED7D668002B2530 /* MJRefreshAutoNormalFooter.m */,
				6B36E57B1ED7D668002B2530 /* MJRefreshAutoStateFooter.h */,
				6B36E57C1ED7D668002B2530 /* MJRefreshAutoStateFooter.m */,
			);
			path = Auto;
			sourceTree = "<group>";
		};
		6B36E57D1ED7D668002B2530 /* Back */ = {
			isa = PBXGroup;
			children = (
				6B36E57E1ED7D668002B2530 /* MJRefreshBackGifFooter.h */,
				6B36E57F1ED7D668002B2530 /* MJRefreshBackGifFooter.m */,
				6B36E5801ED7D668002B2530 /* MJRefreshBackNormalFooter.h */,
				6B36E5811ED7D668002B2530 /* MJRefreshBackNormalFooter.m */,
				6B36E5821ED7D668002B2530 /* MJRefreshBackStateFooter.h */,
				6B36E5831ED7D668002B2530 /* MJRefreshBackStateFooter.m */,
			);
			path = Back;
			sourceTree = "<group>";
		};
		6B36E5841ED7D668002B2530 /* Header */ = {
			isa = PBXGroup;
			children = (
				6B36E5851ED7D668002B2530 /* MJRefreshGifHeader.h */,
				6B36E5861ED7D668002B2530 /* MJRefreshGifHeader.m */,
				6B36E5871ED7D668002B2530 /* MJRefreshNormalHeader.h */,
				6B36E5881ED7D668002B2530 /* MJRefreshNormalHeader.m */,
				6B36E5891ED7D668002B2530 /* MJRefreshStateHeader.h */,
				6B36E58A1ED7D668002B2530 /* MJRefreshStateHeader.m */,
			);
			path = Header;
			sourceTree = "<group>";
		};
		6B36E5AB1ED7F080002B2530 /* TableHeaderView */ = {
			isa = PBXGroup;
			children = (
				6B36E5AC1ED7F098002B2530 /* FoodsHeaderView.h */,
				6B36E5AD1ED7F098002B2530 /* FoodsHeaderView.m */,
			);
			path = TableHeaderView;
			sourceTree = "<group>";
		};
		6B36E5AF1ED7FB4A002B2530 /* PYSearch */ = {
			isa = PBXGroup;
			children = (
				6B36E5B01ED7FB4A002B2530 /* PYSearch.bundle */,
				6B36E5B11ED7FB4A002B2530 /* PYSearch.h */,
				6B36E5B21ED7FB4A002B2530 /* PYSearchConst.h */,
				6B36E5B31ED7FB4A002B2530 /* PYSearchConst.m */,
				6B36E5B41ED7FB4A002B2530 /* PYSearchSuggestionViewController.h */,
				6B36E5B51ED7FB4A002B2530 /* PYSearchSuggestionViewController.m */,
				6B36E5B61ED7FB4A002B2530 /* PYSearchViewController.h */,
				6B36E5B71ED7FB4A002B2530 /* PYSearchViewController.m */,
				6B36E5B81ED7FB4A002B2530 /* UIColor+PYExtension.h */,
				6B36E5B91ED7FB4A002B2530 /* UIColor+PYExtension.m */,
				6B36E5BA1ED7FB4A002B2530 /* UIView+PYExtension.h */,
				6B36E5BB1ED7FB4A002B2530 /* UIView+PYExtension.m */,
			);
			path = PYSearch;
			sourceTree = "<group>";
		};
/* End PBXGroup section */

/* Begin PBXNativeTarget section */
		673861321ECE954B001D068F /* NativeMeal */ = {
			isa = PBXNativeTarget;
			buildConfigurationList = 673861601ECE954C001D068F /* Build configuration list for PBXNativeTarget "NativeMeal" */;
			buildPhases = (
				4F652410D9278D941B455631 /* [CP] Check Pods Manifest.lock */,
				6738612F1ECE954B001D068F /* Sources */,
				673861301ECE954B001D068F /* Frameworks */,
				673861311ECE954B001D068F /* Resources */,
				B8BA5125EC555B708545391A /* [CP] Embed Pods Frameworks */,
				24D5300093A26AB4448657D5 /* [CP] Copy Pods Resources */,
			);
			buildRules = (
			);
			dependencies = (
			);
			name = NativeMeal;
			productName = NativeMeal;
			productReference = 673861331ECE954B001D068F /* NativeMeal.app */;
			productType = "com.apple.product-type.application";
		};
		6738614B1ECE954C001D068F /* NativeMealTests */ = {
			isa = PBXNativeTarget;
			buildConfigurationList = 673861631ECE954C001D068F /* Build configuration list for PBXNativeTarget "NativeMealTests" */;
			buildPhases = (
				673861481ECE954C001D068F /* Sources */,
				673861491ECE954C001D068F /* Frameworks */,
				6738614A1ECE954C001D068F /* Resources */,
			);
			buildRules = (
			);
			dependencies = (
				6738614E1ECE954C001D068F /* PBXTargetDependency */,
			);
			name = NativeMealTests;
			productName = NativeMealTests;
			productReference = 6738614C1ECE954C001D068F /* NativeMealTests.xctest */;
			productType = "com.apple.product-type.bundle.unit-test";
		};
		673861561ECE954C001D068F /* NativeMealUITests */ = {
			isa = PBXNativeTarget;
			buildConfigurationList = 673861661ECE954C001D068F /* Build configuration list for PBXNativeTarget "NativeMealUITests" */;
			buildPhases = (
				673861531ECE954C001D068F /* Sources */,
				673861541ECE954C001D068F /* Frameworks */,
				673861551ECE954C001D068F /* Resources */,
			);
			buildRules = (
			);
			dependencies = (
				673861591ECE954C001D068F /* PBXTargetDependency */,
			);
			name = NativeMealUITests;
			productName = NativeMealUITests;
			productReference = 673861571ECE954C001D068F /* NativeMealUITests.xctest */;
			productType = "com.apple.product-type.bundle.ui-testing";
		};
/* End PBXNativeTarget section */

/* Begin PBXProject section */
		6738612B1ECE954B001D068F /* Project object */ = {
			isa = PBXProject;
			attributes = {
				LastUpgradeCheck = 0730;
				ORGANIZATIONNAME = sunsx;
				TargetAttributes = {
					673861321ECE954B001D068F = {
						CreatedOnToolsVersion = 7.3.1;
						SystemCapabilities = {
							com.apple.BackgroundModes = {
								enabled = 1;
							};
						};
					};
					6738614B1ECE954C001D068F = {
						CreatedOnToolsVersion = 7.3.1;
						TestTargetID = 673861321ECE954B001D068F;
					};
					673861561ECE954C001D068F = {
						CreatedOnToolsVersion = 7.3.1;
						TestTargetID = 673861321ECE954B001D068F;
					};
				};
			};
			buildConfigurationList = 6738612E1ECE954B001D068F /* Build configuration list for PBXProject "NativeMeal" */;
			compatibilityVersion = "Xcode 3.2";
			developmentRegion = English;
			hasScannedForEncodings = 0;
			knownRegions = (
				en,
				Base,
			);
			mainGroup = 6738612A1ECE954B001D068F;
			productRefGroup = 673861341ECE954B001D068F /* Products */;
			projectDirPath = "";
			projectRoot = "";
			targets = (
				673861321ECE954B001D068F /* NativeMeal */,
				6738614B1ECE954C001D068F /* NativeMealTests */,
				673861561ECE954C001D068F /* NativeMealUITests */,
			);
		};
/* End PBXProject section */

/* Begin PBXResourcesBuildPhase section */
		673861311ECE954B001D068F /* Resources */ = {
			isa = PBXResourcesBuildPhase;
			buildActionMask = 2147483647;
			files = (
				673861861ECEA9CB001D068F /* Assets.xcassets in Resources */,
				673861811ECEA6AF001D068F /* Launch Screen.storyboard in Resources */,
				6727963D1EE2F21C00BAD65C /* bundle.js in Resources */,
				6727963E1EE2F21C00BAD65C /* index.html in Resources */,
				6B36E5BC1ED7FB4A002B2530 /* PYSearch.bundle in Resources */,
				6B36E5A51ED7D668002B2530 /* MJRefresh.bundle in Resources */,
			);
			runOnlyForDeploymentPostprocessing = 0;
		};
		6738614A1ECE954C001D068F /* Resources */ = {
			isa = PBXResourcesBuildPhase;
			buildActionMask = 2147483647;
			files = (
			);
			runOnlyForDeploymentPostprocessing = 0;
		};
		673861551ECE954C001D068F /* Resources */ = {
			isa = PBXResourcesBuildPhase;
			buildActionMask = 2147483647;
			files = (
			);
			runOnlyForDeploymentPostprocessing = 0;
		};
/* End PBXResourcesBuildPhase section */

/* Begin PBXShellScriptBuildPhase section */
		24D5300093A26AB4448657D5 /* [CP] Copy Pods Resources */ = {
			isa = PBXShellScriptBuildPhase;
			buildActionMask = 2147483647;
			files = (
			);
			inputPaths = (
			);
			name = "[CP] Copy Pods Resources";
			outputPaths = (
			);
			runOnlyForDeploymentPostprocessing = 0;
			shellPath = /bin/sh;
			shellScript = "\"${SRCROOT}/Pods/Target Support Files/Pods-NativeMeal/Pods-NativeMeal-resources.sh\"\n";
			showEnvVarsInLog = 0;
		};
		4F652410D9278D941B455631 /* [CP] Check Pods Manifest.lock */ = {
			isa = PBXShellScriptBuildPhase;
			buildActionMask = 2147483647;
			files = (
			);
			inputPaths = (
			);
			name = "[CP] Check Pods Manifest.lock";
			outputPaths = (
			);
			runOnlyForDeploymentPostprocessing = 0;
			shellPath = /bin/sh;
			shellScript = "diff \"${PODS_ROOT}/../Podfile.lock\" \"${PODS_ROOT}/Manifest.lock\" > /dev/null\nif [ $? != 0 ] ; then\n    # print error to STDERR\n    echo \"error: The sandbox is not in sync with the Podfile.lock. Run 'pod install' or update your CocoaPods installation.\" >&2\n    exit 1\nfi\n";
			showEnvVarsInLog = 0;
		};
		B8BA5125EC555B708545391A /* [CP] Embed Pods Frameworks */ = {
			isa = PBXShellScriptBuildPhase;
			buildActionMask = 2147483647;
			files = (
			);
			inputPaths = (
			);
			name = "[CP] Embed Pods Frameworks";
			outputPaths = (
			);
			runOnlyForDeploymentPostprocessing = 0;
			shellPath = /bin/sh;
			shellScript = "\"${SRCROOT}/Pods/Target Support Files/Pods-NativeMeal/Pods-NativeMeal-frameworks.sh\"\n";
			showEnvVarsInLog = 0;
		};
/* End PBXShellScriptBuildPhase section */

/* Begin PBXSourcesBuildPhase section */
		6738612F1ECE954B001D068F /* Sources */ = {
			isa = PBXSourcesBuildPhase;
			buildActionMask = 2147483647;
			files = (
				6B36E5BD1ED7FB4A002B2530 /* PYSearchConst.m in Sources */,
				673861B31ED02EE1001D068F /* LoginCell.m in Sources */,
				6B36E5301ED6FFDB002B2530 /* AFNetworkReachabilityManager.m in Sources */,
				6B36E5361ED6FFDB002B2530 /* AFImageDownloader.m in Sources */,
				6B36E52F1ED6FFDB002B2530 /* AFHTTPSessionManager.m in Sources */,
				6B36E53B1ED6FFDB002B2530 /* UIProgressView+AFNetworking.m in Sources */,
				6B36E5981ED7D668002B2530 /* MJRefreshBackFooter.m in Sources */,
				6B36E5A11ED7D668002B2530 /* MJRefreshBackStateFooter.m in Sources */,
				6B36E5321ED6FFDB002B2530 /* AFURLRequestSerialization.m in Sources */,
				6B36E5A81ED7D668002B2530 /* UIScrollView+MJExtension.m in Sources */,
				6B36E5601ED7D41A002B2530 /* JZRequestTool.m in Sources */,
				6B36E5591ED7D2B5002B2530 /* IndexViewModel.m in Sources */,
				6B36E4F51ED6D81B002B2530 /* AdScrollView.m in Sources */,
				672796351EE2F12200BAD65C /* All_collectView.m in Sources */,
				672796411EE2F2BD00BAD65C /* ShopController.m in Sources */,
				672796301EE2F06E00BAD65C /* NearbyCell.m in Sources */,
				673861991ECF22E4001D068F /* AboutViewController.m in Sources */,
				6B36E59D1ED7D668002B2530 /* MJRefreshAutoNormalFooter.m in Sources */,
				6B36E5A71ED7D668002B2530 /* NSBundle+MJRefresh.m in Sources */,
				6B36E5971ED7D668002B2530 /* MJRefreshAutoFooter.m in Sources */,
				6B36E53D1ED6FFDB002B2530 /* UIWebView+AFNetworking.m in Sources */,
				6738617F1ECE9771001D068F /* IndexController.m in Sources */,
				6B36E5A01ED7D668002B2530 /* MJRefreshBackNormalFooter.m in Sources */,
				6738618C1ECED8AF001D068F /* MeController.m in Sources */,
				6B36E5A31ED7D668002B2530 /* MJRefreshNormalHeader.m in Sources */,
				6B36E59E1ED7D668002B2530 /* MJRefreshAutoStateFooter.m in Sources */,
				6738618F1ECED930001D068F /* OrderController.m in Sources */,
				672796361EE2F12200BAD65C /* All_orderView.m in Sources */,
				673861A01ECF24C9001D068F /* Screen.m in Sources */,
				6B36E59C1ED7D668002B2530 /* MJRefreshAutoGifFooter.m in Sources */,
				6B36E5011ED6DDA7002B2530 /* UIImageView+Circle.m in Sources */,
				6B36E5371ED6FFDB002B2530 /* AFNetworkActivityIndicatorManager.m in Sources */,
				673861841ECEA7C9001D068F /* NearController.m in Sources */,
				6B36E4F91ED6D846002B2530 /* ADTableViewCell.m in Sources */,
				6B36E4F11ED6CEEC002B2530 /* UIView+SDAutoLayout.m in Sources */,
				675CDC251ED5800100C35DB6 /* RegisterViewController.m in Sources */,
				6738617C1ECE962D001D068F /* AppDelegate.m in Sources */,
				6B36E5A61ED7D668002B2530 /* MJRefreshConst.m in Sources */,
				673861B01ECFF615001D068F /* FeedBackViewController.m in Sources */,
				673861A91ECFEF19001D068F /* MBProgressHUD+Add.m in Sources */,
				673861A81ECFEF19001D068F /* MBProgressHUD.m in Sources */,
				6B36E5C11ED7FB4A002B2530 /* UIView+PYExtension.m in Sources */,
				6B36E59B1ED7D668002B2530 /* MJRefreshHeader.m in Sources */,
				673861381ECE954B001D068F /* main.m in Sources */,
				675CDC2C1ED5A55D00C35DB6 /* ResetPasswordViewController.m in Sources */,
				673861921ECEF09E001D068F /* SettingController.m in Sources */,
				6B36E5991ED7D668002B2530 /* MJRefreshComponent.m in Sources */,
				6B36E59F1ED7D668002B2530 /* MJRefreshBackGifFooter.m in Sources */,
				673861AD1ECFF420001D068F /* TermsServiceViewController.m in Sources */,
				6738619D1ECF24A0001D068F /* UILabel+Automatic.m in Sources */,
				6B36E5341ED6FFDB002B2530 /* AFURLSessionManager.m in Sources */,
				673861BE1ED18136001D068F /* LoginViewController.m in Sources */,
				6B36E55F1ED7D41A002B2530 /* JZNetManager.m in Sources */,
				6B36E5411ED7CF97002B2530 /* ADModel.m in Sources */,
				675CDC3B1ED5C6E400C35DB6 /* PictureTableViewCell.m in Sources */,
				672796391EE2F12F00BAD65C /* OrderCell.m in Sources */,
				6B36E5661ED7D4F4002B2530 /* NSObject+YYModel.m in Sources */,
				673861AA1ECFEF19001D068F /* UIViewController+HUD.m in Sources */,
				6B36E5671ED7D4F4002B2530 /* YYClassInfo.m in Sources */,
				6B36E5C71ED7FF2D002B2530 /* SearchViewModel.m in Sources */,
				6B36E59A1ED7D668002B2530 /* MJRefreshFooter.m in Sources */,
				675CDC321ED5C45500C35DB6 /* UserDetailViewController.m in Sources */,
				6B36E54A1ED7CFF5002B2530 /* FoodsModel.m in Sources */,
				673861B71ED0704B001D068F /* UIView+Expansion.m in Sources */,
				6B36E5381ED6FFDB002B2530 /* UIActivityIndicatorView+AFNetworking.m in Sources */,
				6B36E53A1ED6FFDB002B2530 /* UIImageView+AFNetworking.m in Sources */,
				675CDC351ED5C4B600C35DB6 /* User.m in Sources */,
				675CDC411ED67F1100C35DB6 /* EditTableViewCell.m in Sources */,
				6B36E50A1ED6F3C9002B2530 /* FoodsTableViewCell.m in Sources */,
				6B36E5AA1ED7D668002B2530 /* UIView+MJExtension.m in Sources */,
				675CDC3E1ED5C75800C35DB6 /* UserMessageTableViewCell.m in Sources */,
				6B36E4E71ED6CD14002B2530 /* NavView.m in Sources */,
				6B36E5391ED6FFDB002B2530 /* UIButton+AFNetworking.m in Sources */,
				6B36E53C1ED6FFDB002B2530 /* UIRefreshControl+AFNetworking.m in Sources */,
				6B36E4FC1ED6D982002B2530 /* CatagoryTableViewCell.m in Sources */,
				675CDC381ED5C67A00C35DB6 /* EditUserDetailViewController.m in Sources */,
				6B36E5AE1ED7F098002B2530 /* FoodsHeaderView.m in Sources */,
				6B36E5A91ED7D668002B2530 /* UIScrollView+MJRefresh.m in Sources */,
				6B36E5C41ED7FC1F002B2530 /* SearchResultViewController.m in Sources */,
				6B36E4F01ED6CEEC002B2530 /* UITableView+SDAutoTableViewCellHeight.m in Sources */,
				6B36E5C01ED7FB4A002B2530 /* UIColor+PYExtension.m in Sources */,
				6B36E5A21ED7D668002B2530 /* MJRefreshGifHeader.m in Sources */,
				6B36E5311ED6FFDB002B2530 /* AFSecurityPolicy.m in Sources */,
				6B36E5BE1ED7FB4A002B2530 /* PYSearchSuggestionViewController.m in Sources */,
				673861951ECF126C001D068F /* AccountController.m in Sources */,
				6B36E5A41ED7D668002B2530 /* MJRefreshStateHeader.m in Sources */,
				6B36E5041ED6DF6E002B2530 /* RecommendTableViewCell.m in Sources */,
				6B36E5331ED6FFDB002B2530 /* AFURLResponseSerialization.m in Sources */,
				6B36E5071ED6ED3D002B2530 /* MerchantsTableViewCell.m in Sources */,
				6B36E5351ED6FFDB002B2530 /* AFAutoPurgingImageCache.m in Sources */,
				6B36E5BF1ED7FB4A002B2530 /* PYSearchViewController.m in Sources */,
			);
			runOnlyForDeploymentPostprocessing = 0;
		};
		673861481ECE954C001D068F /* Sources */ = {
			isa = PBXSourcesBuildPhase;
			buildActionMask = 2147483647;
			files = (
				673861511ECE954C001D068F /* NativeMealTests.m in Sources */,
			);
			runOnlyForDeploymentPostprocessing = 0;
		};
		673861531ECE954C001D068F /* Sources */ = {
			isa = PBXSourcesBuildPhase;
			buildActionMask = 2147483647;
			files = (
				6738615C1ECE954C001D068F /* NativeMealUITests.m in Sources */,
			);
			runOnlyForDeploymentPostprocessing = 0;
		};
/* End PBXSourcesBuildPhase section */

/* Begin PBXTargetDependency section */
		6738614E1ECE954C001D068F /* PBXTargetDependency */ = {
			isa = PBXTargetDependency;
			target = 673861321ECE954B001D068F /* NativeMeal */;
			targetProxy = 6738614D1ECE954C001D068F /* PBXContainerItemProxy */;
		};
		673861591ECE954C001D068F /* PBXTargetDependency */ = {
			isa = PBXTargetDependency;
			target = 673861321ECE954B001D068F /* NativeMeal */;
			targetProxy = 673861581ECE954C001D068F /* PBXContainerItemProxy */;
		};
/* End PBXTargetDependency section */

/* Begin XCBuildConfiguration section */
		6738615E1ECE954C001D068F /* Debug */ = {
			isa = XCBuildConfiguration;
			buildSettings = {
				ALWAYS_SEARCH_USER_PATHS = NO;
				CLANG_ANALYZER_NONNULL = YES;
				CLANG_CXX_LANGUAGE_STANDARD = "gnu++0x";
				CLANG_CXX_LIBRARY = "libc++";
				CLANG_ENABLE_MODULES = YES;
				CLANG_ENABLE_OBJC_ARC = YES;
				CLANG_WARN_BOOL_CONVERSION = YES;
				CLANG_WARN_CONSTANT_CONVERSION = YES;
				CLANG_WARN_DIRECT_OBJC_ISA_USAGE = YES_ERROR;
				CLANG_WARN_EMPTY_BODY = YES;
				CLANG_WARN_ENUM_CONVERSION = YES;
				CLANG_WARN_INT_CONVERSION = YES;
				CLANG_WARN_OBJC_ROOT_CLASS = YES_ERROR;
				CLANG_WARN_UNREACHABLE_CODE = YES;
				CLANG_WARN__DUPLICATE_METHOD_MATCH = YES;
				"CODE_SIGN_IDENTITY[sdk=iphoneos*]" = "iPhone Developer";
				COPY_PHASE_STRIP = NO;
				DEBUG_INFORMATION_FORMAT = dwarf;
				ENABLE_STRICT_OBJC_MSGSEND = YES;
				ENABLE_TESTABILITY = YES;
				GCC_C_LANGUAGE_STANDARD = gnu99;
				GCC_DYNAMIC_NO_PIC = NO;
				GCC_NO_COMMON_BLOCKS = YES;
				GCC_OPTIMIZATION_LEVEL = 0;
				GCC_PREPROCESSOR_DEFINITIONS = (
					"DEBUG=1",
					"$(inherited)",
				);
				GCC_WARN_64_TO_32_BIT_CONVERSION = YES;
				GCC_WARN_ABOUT_RETURN_TYPE = YES_ERROR;
				GCC_WARN_UNDECLARED_SELECTOR = YES;
				GCC_WARN_UNINITIALIZED_AUTOS = YES_AGGRESSIVE;
				GCC_WARN_UNUSED_FUNCTION = YES;
				GCC_WARN_UNUSED_VARIABLE = YES;
				IPHONEOS_DEPLOYMENT_TARGET = 9.3;
				MTL_ENABLE_DEBUG_INFO = YES;
				ONLY_ACTIVE_ARCH = YES;
				SDKROOT = iphoneos;
			};
			name = Debug;
		};
		6738615F1ECE954C001D068F /* Release */ = {
			isa = XCBuildConfiguration;
			buildSettings = {
				ALWAYS_SEARCH_USER_PATHS = NO;
				CLANG_ANALYZER_NONNULL = YES;
				CLANG_CXX_LANGUAGE_STANDARD = "gnu++0x";
				CLANG_CXX_LIBRARY = "libc++";
				CLANG_ENABLE_MODULES = YES;
				CLANG_ENABLE_OBJC_ARC = YES;
				CLANG_WARN_BOOL_CONVERSION = YES;
				CLANG_WARN_CONSTANT_CONVERSION = YES;
				CLANG_WARN_DIRECT_OBJC_ISA_USAGE = YES_ERROR;
				CLANG_WARN_EMPTY_BODY = YES;
				CLANG_WARN_ENUM_CONVERSION = YES;
				CLANG_WARN_INT_CONVERSION = YES;
				CLANG_WARN_OBJC_ROOT_CLASS = YES_ERROR;
				CLANG_WARN_UNREACHABLE_CODE = YES;
				CLANG_WARN__DUPLICATE_METHOD_MATCH = YES;
				"CODE_SIGN_IDENTITY[sdk=iphoneos*]" = "iPhone Developer";
				COPY_PHASE_STRIP = NO;
				DEBUG_INFORMATION_FORMAT = "dwarf-with-dsym";
				ENABLE_NS_ASSERTIONS = NO;
				ENABLE_STRICT_OBJC_MSGSEND = YES;
				GCC_C_LANGUAGE_STANDARD = gnu99;
				GCC_NO_COMMON_BLOCKS = YES;
				GCC_WARN_64_TO_32_BIT_CONVERSION = YES;
				GCC_WARN_ABOUT_RETURN_TYPE = YES_ERROR;
				GCC_WARN_UNDECLARED_SELECTOR = YES;
				GCC_WARN_UNINITIALIZED_AUTOS = YES_AGGRESSIVE;
				GCC_WARN_UNUSED_FUNCTION = YES;
				GCC_WARN_UNUSED_VARIABLE = YES;
				IPHONEOS_DEPLOYMENT_TARGET = 9.3;
				MTL_ENABLE_DEBUG_INFO = NO;
				SDKROOT = iphoneos;
				VALIDATE_PRODUCT = YES;
			};
			name = Release;
		};
		673861611ECE954C001D068F /* Debug */ = {
			isa = XCBuildConfiguration;
			baseConfigurationReference = 268465ED07344D1753CF5C7B /* Pods-NativeMeal.debug.xcconfig */;
			buildSettings = {
				ASSETCATALOG_COMPILER_APPICON_NAME = AppIcon;
				GCC_INCREASE_PRECOMPILED_HEADER_SHARING = YES;
				GCC_PRECOMPILE_PREFIX_HEADER = YES;
				GCC_PREFIX_HEADER = "$(SRCROOT)/PrefixHeader.pch";
				INFOPLIST_FILE = NativeMeal/Info.plist;
				LD_RUNPATH_SEARCH_PATHS = "$(inherited) @executable_path/Frameworks";
				PRODUCT_BUNDLE_IDENTIFIER = cn.sunsx.NativeMeal;
				PRODUCT_NAME = "$(TARGET_NAME)";
				TARGETED_DEVICE_FAMILY = 1;
			};
			name = Debug;
		};
		673861621ECE954C001D068F /* Release */ = {
			isa = XCBuildConfiguration;
			baseConfigurationReference = 1E71B61DCBAF4F21601D46C5 /* Pods-NativeMeal.release.xcconfig */;
			buildSettings = {
				ASSETCATALOG_COMPILER_APPICON_NAME = AppIcon;
				GCC_INCREASE_PRECOMPILED_HEADER_SHARING = YES;
				GCC_PRECOMPILE_PREFIX_HEADER = YES;
				GCC_PREFIX_HEADER = "$(SRCROOT)/PrefixHeader.pch";
				INFOPLIST_FILE = NativeMeal/Info.plist;
				LD_RUNPATH_SEARCH_PATHS = "$(inherited) @executable_path/Frameworks";
				PRODUCT_BUNDLE_IDENTIFIER = cn.sunsx.NativeMeal;
				PRODUCT_NAME = "$(TARGET_NAME)";
				TARGETED_DEVICE_FAMILY = 1;
			};
			name = Release;
		};
		673861641ECE954C001D068F /* Debug */ = {
			isa = XCBuildConfiguration;
			buildSettings = {
				BUNDLE_LOADER = "$(TEST_HOST)";
				INFOPLIST_FILE = NativeMealTests/Info.plist;
				LD_RUNPATH_SEARCH_PATHS = "$(inherited) @executable_path/Frameworks @loader_path/Frameworks";
				PRODUCT_BUNDLE_IDENTIFIER = cn.sunsx.NativeMealTests;
				PRODUCT_NAME = "$(TARGET_NAME)";
				TEST_HOST = "$(BUILT_PRODUCTS_DIR)/NativeMeal.app/NativeMeal";
			};
			name = Debug;
		};
		673861651ECE954C001D068F /* Release */ = {
			isa = XCBuildConfiguration;
			buildSettings = {
				BUNDLE_LOADER = "$(TEST_HOST)";
				INFOPLIST_FILE = NativeMealTests/Info.plist;
				LD_RUNPATH_SEARCH_PATHS = "$(inherited) @executable_path/Frameworks @loader_path/Frameworks";
				PRODUCT_BUNDLE_IDENTIFIER = cn.sunsx.NativeMealTests;
				PRODUCT_NAME = "$(TARGET_NAME)";
				TEST_HOST = "$(BUILT_PRODUCTS_DIR)/NativeMeal.app/NativeMeal";
			};
			name = Release;
		};
		673861671ECE954C001D068F /* Debug */ = {
			isa = XCBuildConfiguration;
			buildSettings = {
				INFOPLIST_FILE = NativeMealUITests/Info.plist;
				LD_RUNPATH_SEARCH_PATHS = "$(inherited) @executable_path/Frameworks @loader_path/Frameworks";
				PRODUCT_BUNDLE_IDENTIFIER = cn.sunsx.NativeMealUITests;
				PRODUCT_NAME = "$(TARGET_NAME)";
				TEST_TARGET_NAME = NativeMeal;
			};
			name = Debug;
		};
		673861681ECE954C001D068F /* Release */ = {
			isa = XCBuildConfiguration;
			buildSettings = {
				INFOPLIST_FILE = NativeMealUITests/Info.plist;
				LD_RUNPATH_SEARCH_PATHS = "$(inherited) @executable_path/Frameworks @loader_path/Frameworks";
				PRODUCT_BUNDLE_IDENTIFIER = cn.sunsx.NativeMealUITests;
				PRODUCT_NAME = "$(TARGET_NAME)";
				TEST_TARGET_NAME = NativeMeal;
			};
			name = Release;
		};
/* End XCBuildConfiguration section */

/* Begin XCConfigurationList section */
		6738612E1ECE954B001D068F /* Build configuration list for PBXProject "NativeMeal" */ = {
			isa = XCConfigurationList;
			buildConfigurations = (
				6738615E1ECE954C001D068F /* Debug */,
				6738615F1ECE954C001D068F /* Release */,
			);
			defaultConfigurationIsVisible = 0;
			defaultConfigurationName = Release;
		};
		673861601ECE954C001D068F /* Build configuration list for PBXNativeTarget "NativeMeal" */ = {
			isa = XCConfigurationList;
			buildConfigurations = (
				673861611ECE954C001D068F /* Debug */,
				673861621ECE954C001D068F /* Release */,
			);
			defaultConfigurationIsVisible = 0;
			defaultConfigurationName = Release;
		};
		673861631ECE954C001D068F /* Build configuration list for PBXNativeTarget "NativeMealTests" */ = {
			isa = XCConfigurationList;
			buildConfigurations = (
				673861641ECE954C001D068F /* Debug */,
				673861651ECE954C001D068F /* Release */,
			);
			defaultConfigurationIsVisible = 0;
			defaultConfigurationName = Release;
		};
		673861661ECE954C001D068F /* Build configuration list for PBXNativeTarget "NativeMealUITests" */ = {
			isa = XCConfigurationList;
			buildConfigurations = (
				673861671ECE954C001D068F /* Debug */,
				673861681ECE954C001D068F /* Release */,
			);
			defaultConfigurationIsVisible = 0;
			defaultConfigurationName = Release;
		};
/* End XCConfigurationList section */
	};
	rootObject = 6738612B1ECE954B001D068F /* Project object */;
}
